// !$*UTF8*$!
{
	archiveVersion = 1;
	classes = {
	};
	objectVersion = 77;
	objects = {

/* Begin PBXContainerItemProxy section */
		1B056B9B2E5EC53D0049DC2D /* PBXContainerItemProxy */ = {
			isa = PBXContainerItemProxy;
			containerPortal = 1B056B7C2E5EC53C0049DC2D /* Project object */;
			proxyType = 1;
			remoteGlobalIDString = 1B056B832E5EC53C0049DC2D;
			remoteInfo = Hotel_Codable;
		};
		1B056BA52E5EC53D0049DC2D /* PBXContainerItemProxy */ = {
			isa = PBXContainerItemProxy;
			containerPortal = 1B056B7C2E5EC53C0049DC2D /* Project object */;
			proxyType = 1;
			remoteGlobalIDString = 1B056B832E5EC53C0049DC2D;
			remoteInfo = Hotel_Codable;
		};
/* End PBXContainerItemProxy section */

/* Begin PBXFileReference section */
		1B056B842E5EC53C0049DC2D /* Hotel_Codable.app */ = {isa = PBXFileReference; explicitFileType = wrapper.application; includeInIndex = 0; path = Hotel_Codable.app; sourceTree = BUILT_PRODUCTS_DIR; };
		1B056B9A2E5EC53D0049DC2D /* Hotel_CodableTests.xctest */ = {isa = PBXFileReference; explicitFileType = wrapper.cfbundle; includeInIndex = 0; path = Hotel_CodableTests.xctest; sourceTree = BUILT_PRODUCTS_DIR; };
		1B056BA42E5EC53D0049DC2D /* Hotel_CodableUITests.xctest */ = {isa = PBXFileReference; explicitFileType = wrapper.cfbundle; includeInIndex = 0; path = Hotel_CodableUITests.xctest; sourceTree = BUILT_PRODUCTS_DIR; };
/* End PBXFileReference section */

/* Begin PBXFileSystemSynchronizedBuildFileExceptionSet section */
		1B056BAC2E5EC53D0049DC2D /* Exceptions for "Hotel_Codable" folder in "Hotel_Codable" target */ = {
			isa = PBXFileSystemSynchronizedBuildFileExceptionSet;
			membershipExceptions = (
				Info.plist,
			);
			target = 1B056B832E5EC53C0049DC2D /* Hotel_Codable */;
		};
/* End PBXFileSystemSynchronizedBuildFileExceptionSet section */

/* Begin PBXFileSystemSynchronizedRootGroup section */
		1B056B862E5EC53C0049DC2D /* Hotel_Codable */ = {
			isa = PBXFileSystemSynchronizedRootGroup;
			exceptions = (
				1B056BAC2E5EC53D0049DC2D /* Exceptions for "Hotel_Codable" folder in "Hotel_Codable" target */,
			);
			path = Hotel_Codable;
			sourceTree = "<group>";
		};
		1B056B9D2E5EC53D0049DC2D /* Hotel_CodableTests */ = {
			isa = PBXFileSystemSynchronizedRootGroup;
			path = Hotel_CodableTests;
			sourceTree = "<group>";
		};
		1B056BA72E5EC53D0049DC2D /* Hotel_CodableUITests */ = {
			isa = PBXFileSystemSynchronizedRootGroup;
			path = Hotel_CodableUITests;
			sourceTree = "<group>";
		};
/* End PBXFileSystemSynchronizedRootGroup section */

/* Begin PBXFrameworksBuildPhase section */
		1B056B812E5EC53C0049DC2D /* Frameworks */ = {
			isa = PBXFrameworksBuildPhase;
			buildActionMask = 2147483647;
			files = (
			);
			runOnlyForDeploymentPostprocessing = 0;
		};
		1B056B972E5EC53D0049DC2D /* Frameworks */ = {
			isa = PBXFrameworksBuildPhase;
			buildActionMask = 2147483647;
			files = (
			);
			runOnlyForDeploymentPostprocessing = 0;
		};
		1B056BA12E5EC53D0049DC2D /* Frameworks */ = {
			isa = PBXFrameworksBuildPhase;
			buildActionMask = 2147483647;
			files = (
			);
			runOnlyForDeploymentPostprocessing = 0;
		};
/* End PBXFrameworksBuildPhase section */

/* Begin PBXGroup section */
		1B056B7B2E5EC53C0049DC2D = {
			isa = PBXGroup;
			children = (
				1B056B862E5EC53C0049DC2D /* Hotel_Codable */,
				1B056B9D2E5EC53D0049DC2D /* Hotel_CodableTests */,
				1B056BA72E5EC53D0049DC2D /* Hotel_CodableUITests */,
				1B056B852E5EC53C0049DC2D /* Products */,
			);
			sourceTree = "<group>";
		};
		1B056B852E5EC53C0049DC2D /* Products */ = {
			isa = PBXGroup;
			children = (
				1B056B842E5EC53C0049DC2D /* Hotel_Codable.app */,
				1B056B9A2E5EC53D0049DC2D /* Hotel_CodableTests.xctest */,
				1B056BA42E5EC53D0049DC2D /* Hotel_CodableUITests.xctest */,
			);
			name = Products;
			sourceTree = "<group>";
		};
/* End PBXGroup section */

/* Begin PBXNativeTarget section */
		1B056B832E5EC53C0049DC2D /* Hotel_Codable */ = {
			isa = PBXNativeTarget;
			buildConfigurationList = 1B056BAD2E5EC53D0049DC2D /* Build configuration list for PBXNativeTarget "Hotel_Codable" */;
			buildPhases = (
				1B056B802E5EC53C0049DC2D /* Sources */,
				1B056B812E5EC53C0049DC2D /* Frameworks */,
				1B056B822E5EC53C0049DC2D /* Resources */,
			);
			buildRules = (
			);
			dependencies = (
			);
			fileSystemSynchronizedGroups = (
				1B056B862E5EC53C0049DC2D /* Hotel_Codable */,
			);
			name = Hotel_Codable;
			packageProductDependencies = (
			);
			productName = Hotel_Codable;
			productReference = 1B056B842E5EC53C0049DC2D /* Hotel_Codable.app */;
			productType = "com.apple.product-type.application";
		};
		1B056B992E5EC53D0049DC2D /* Hotel_CodableTests */ = {
			isa = PBXNativeTarget;
			buildConfigurationList = 1B056BB22E5EC53D0049DC2D /* Build configuration list for PBXNativeTarget "Hotel_CodableTests" */;
			buildPhases = (
				1B056B962E5EC53D0049DC2D /* Sources */,
				1B056B972E5EC53D0049DC2D /* Frameworks */,
				1B056B982E5EC53D0049DC2D /* Resources */,
			);
			buildRules = (
			);
			dependencies = (
				1B056B9C2E5EC53D0049DC2D /* PBXTargetDependency */,
			);
			fileSystemSynchronizedGroups = (
				1B056B9D2E5EC53D0049DC2D /* Hotel_CodableTests */,
			);
			name = Hotel_CodableTests;
			packageProductDependencies = (
			);
			productName = Hotel_CodableTests;
			productReference = 1B056B9A2E5EC53D0049DC2D /* Hotel_CodableTests.xctest */;
			productType = "com.apple.product-type.bundle.unit-test";
		};
		1B056BA32E5EC53D0049DC2D /* Hotel_CodableUITests */ = {
			isa = PBXNativeTarget;
			buildConfigurationList = 1B056BB52E5EC53D0049DC2D /* Build configuration list for PBXNativeTarget "Hotel_CodableUITests" */;
			buildPhases = (
				1B056BA02E5EC53D0049DC2D /* Sources */,
				1B056BA12E5EC53D0049DC2D /* Frameworks */,
				1B056BA22E5EC53D0049DC2D /* Resources */,
			);
			buildRules = (
			);
			dependencies = (
				1B056BA62E5EC53D0049DC2D /* PBXTargetDependency */,
			);
			fileSystemSynchronizedGroups = (
				1B056BA72E5EC53D0049DC2D /* Hotel_CodableUITests */,
			);
			name = Hotel_CodableUITests;
			packageProductDependencies = (
			);
			productName = Hotel_CodableUITests;
			productReference = 1B056BA42E5EC53D0049DC2D /* Hotel_CodableUITests.xctest */;
			productType = "com.apple.product-type.bundle.ui-testing";
		};
/* End PBXNativeTarget section */

/* Begin PBXProject section */
		1B056B7C2E5EC53C0049DC2D /* Project object */ = {
			isa = PBXProject;
			attributes = {
				BuildIndependentTargetsInParallel = 1;
				LastSwiftUpdateCheck = 1640;
				LastUpgradeCheck = 1640;
				TargetAttributes = {
					1B056B832E5EC53C0049DC2D = {
						CreatedOnToolsVersion = 16.4;
					};
					1B056B992E5EC53D0049DC2D = {
						CreatedOnToolsVersion = 16.4;
						TestTargetID = 1B056B832E5EC53C0049DC2D;
					};
					1B056BA32E5EC53D0049DC2D = {
						CreatedOnToolsVersion = 16.4;
						TestTargetID = 1B056B832E5EC53C0049DC2D;
					};
				};
			};
			buildConfigurationList = 1B056B7F2E5EC53C0049DC2D /* Build configuration list for PBXProject "Hotel_Codable" */;
			developmentRegion = en;
			hasScannedForEncodings = 0;
			knownRegions = (
				en,
				Base,
			);
			mainGroup = 1B056B7B2E5EC53C0049DC2D;
			minimizedProjectReferenceProxies = 1;
			preferredProjectObjectVersion = 77;
			productRefGroup = 1B056B852E5EC53C0049DC2D /* Products */;
			projectDirPath = "";
			projectRoot = "";
			targets = (
				1B056B832E5EC53C0049DC2D /* Hotel_Codable */,
				1B056B992E5EC53D0049DC2D /* Hotel_CodableTests */,
				1B056BA32E5EC53D0049DC2D /* Hotel_CodableUITests */,
			);
		};
/* End PBXProject section */

/* Begin PBXResourcesBuildPhase section */
		1B056B822E5EC53C0049DC2D /* Resources */ = {
			isa = PBXResourcesBuildPhase;
			buildActionMask = 2147483647;
			files = (
			);
			runOnlyForDeploymentPostprocessing = 0;
		};
		1B056B982E5EC53D0049DC2D /* Resources */ = {
			isa = PBXResourcesBuildPhase;
			buildActionMask = 2147483647;
			files = (
			);
			runOnlyForDeploymentPostprocessing = 0;
		};
		1B056BA22E5EC53D0049DC2D /* Resources */ = {
			isa = PBXResourcesBuildPhase;
			buildActionMask = 2147483647;
			files = (
			);
			runOnlyForDeploymentPostprocessing = 0;
		};
/* End PBXResourcesBuildPhase section */

/* Begin PBXSourcesBuildPhase section */
		1B056B802E5EC53C0049DC2D /* Sources */ = {
			isa = PBXSourcesBuildPhase;
			buildActionMask = 2147483647;
			files = (
			);
			runOnlyForDeploymentPostprocessing = 0;
		};
		1B056B962E5EC53D0049DC2D /* Sources */ = {
			isa = PBXSourcesBuildPhase;
			buildActionMask = 2147483647;
			files = (
			);
			runOnlyForDeploymentPostprocessing = 0;
		};
		1B056BA02E5EC53D0049DC2D /* Sources */ = {
			isa = PBXSourcesBuildPhase;
			buildActionMask = 2147483647;
			files = (
			);
			runOnlyForDeploymentPostprocessing = 0;
		};
/* End PBXSourcesBuildPhase section */

/* Begin PBXTargetDependency section */
		1B056B9C2E5EC53D0049DC2D /* PBXTargetDependency */ = {
			isa = PBXTargetDependency;
			target = 1B056B832E5EC53C0049DC2D /* Hotel_Codable */;
			targetProxy = 1B056B9B2E5EC53D0049DC2D /* PBXContainerItemProxy */;
		};
		1B056BA62E5EC53D0049DC2D /* PBXTargetDependency */ = {
			isa = PBXTargetDependency;
			target = 1B056B832E5EC53C0049DC2D /* Hotel_Codable */;
			targetProxy = 1B056BA52E5EC53D0049DC2D /* PBXContainerItemProxy */;
		};
/* End PBXTargetDependency section */

/* Begin XCBuildConfiguration section */
		1B056BAE2E5EC53D0049DC2D /* Debug */ = {
			isa = XCBuildConfiguration;
			buildSettings = {
				ASSETCATALOG_COMPILER_APPICON_NAME = AppIcon;
				ASSETCATALOG_COMPILER_GLOBAL_ACCENT_COLOR_NAME = AccentColor;
				CODE_SIGN_STYLE = Automatic;
				CURRENT_PROJECT_VERSION = 1;
				DEVELOPMENT_TEAM = TZCAB9NXXT;
				GENERATE_INFOPLIST_FILE = YES;
				INFOPLIST_FILE = Hotel_Codable/Info.plist;
				INFOPLIST_KEY_UIApplicationSupportsIndirectInputEvents = YES;
				INFOPLIST_KEY_UILaunchStoryboardName = LaunchScreen;
				INFOPLIST_KEY_UIMainStoryboardFile = Main;
				INFOPLIST_KEY_UISupportedInterfaceOrientations_iPad = "UIInterfaceOrientationPortrait UIInterfaceOrientationPortraitUpsideDown UIInterfaceOrientationLandscapeLeft UIInterfaceOrientationLandscapeRight";
				INFOPLIST_KEY_UISupportedInterfaceOrientations_iPhone = "UIInterfaceOrientationPortrait UIInterfaceOrientationLandscapeLeft UIInterfaceOrientationLandscapeRight";
				LD_RUNPATH_SEARCH_PATHS = (
					"$(inherited)",
					"@executable_path/Frameworks",
				);
				MARKETING_VERSION = 1.0;
				PRODUCT_BUNDLE_IDENTIFIER = "com.Anmol.Hotel-Codable";
				PRODUCT_NAME = "$(TARGET_NAME)";
				SWIFT_EMIT_LOC_STRINGS = YES;
				SWIFT_VERSION = 5.0;
				TARGETED_DEVICE_FAMILY = "1,2";
			};
			name = Debug;
		};
		1B056BAF2E5EC53D0049DC2D /* Release */ = {
			isa = XCBuildConfiguration;
			buildSettings = {
				ASSETCATALOG_COMPILER_APPICON_NAME = AppIcon;
				ASSETCATALOG_COMPILER_GLOBAL_ACCENT_COLOR_NAME = AccentColor;
				CODE_SIGN_STYLE = Automatic;
				CURRENT_PROJECT_VERSION = 1;
				DEVELOPMENT_TEAM = TZCAB9NXXT;
				GENERATE_INFOPLIST_FILE = YES;
				INFOPLIST_FILE = Hotel_Codable/Info.plist;
				INFOPLIST_KEY_UIApplicationSupportsIndirectInputEvents = YES;
				INFOPLIST_KEY_UILaunchStoryboardName = LaunchScreen;
				INFOPLIST_KEY_UIMainStoryboardFile = Main;
				INFOPLIST_KEY_UISupportedInterfaceOrientations_iPad = "UIInterfaceOrientationPortrait UIInterfaceOrientationPortraitUpsideDown UIInterfaceOrientationLandscapeLeft UIInterfaceOrientationLandscapeRight";
				INFOPLIST_KEY_UISupportedInterfaceOrientations_iPhone = "UIInterfaceOrientationPortrait UIInterfaceOrientationLandscapeLeft UIInterfaceOrientationLandscapeRight";
				LD_RUNPATH_SEARCH_PATHS = (
					"$(inherited)",
					"@executable_path/Frameworks",
				);
				MARKETING_VERSION = 1.0;
				PRODUCT_BUNDLE_IDENTIFIER = "com.Anmol.Hotel-Codable";
				PRODUCT_NAME = "$(TARGET_NAME)";
				SWIFT_EMIT_LOC_STRINGS = YES;
				SWIFT_VERSION = 5.0;
				TARGETED_DEVICE_FAMILY = "1,2";
			};
			name = Release;
		};
		1B056BB02E5EC53D0049DC2D /* Debug */ = {
			isa = XCBuildConfiguration;
			buildSettings = {
				ALWAYS_SEARCH_USER_PATHS = NO;
				ASSETCATALOG_COMPILER_GENERATE_SWIFT_ASSET_SYMBOL_EXTENSIONS = YES;
				CLANG_ANALYZER_NONNULL = YES;
				CLANG_ANALYZER_NUMBER_OBJECT_CONVERSION = YES_AGGRESSIVE;
				CLANG_CXX_LANGUAGE_STANDARD = "gnu++20";
				CLANG_ENABLE_MODULES = YES;
				CLANG_ENABLE_OBJC_ARC = YES;
				CLANG_ENABLE_OBJC_WEAK = YES;
				CLANG_WARN_BLOCK_CAPTURE_AUTORELEASING = YES;
				CLANG_WARN_BOOL_CONVERSION = YES;
				CLANG_WARN_COMMA = YES;
				CLANG_WARN_CONSTANT_CONVERSION = YES;
				CLANG_WARN_DEPRECATED_OBJC_IMPLEMENTATIONS = YES;
				CLANG_WARN_DIRECT_OBJC_ISA_USAGE = YES_ERROR;
				CLANG_WARN_DOCUMENTATION_COMMENTS = YES;
				CLANG_WARN_EMPTY_BODY = YES;
				CLANG_WARN_ENUM_CONVERSION = YES;
				CLANG_WARN_INFINITE_RECURSION = YES;
				CLANG_WARN_INT_CONVERSION = YES;
				CLANG_WARN_NON_LITERAL_NULL_CONVERSION = YES;
				CLANG_WARN_OBJC_IMPLICIT_RETAIN_SELF = YES;
				CLANG_WARN_OBJC_LITERAL_CONVERSION = YES;
				CLANG_WARN_OBJC_ROOT_CLASS = YES_ERROR;
				CLANG_WARN_QUOTED_INCLUDE_IN_FRAMEWORK_HEADER = YES;
				CLANG_WARN_RANGE_LOOP_ANALYSIS = YES;
				CLANG_WARN_STRICT_PROTOTYPES = YES;
				CLANG_WARN_SUSPICIOUS_MOVE = YES;
				CLANG_WARN_UNGUARDED_AVAILABILITY = YES_AGGRESSIVE;
				CLANG_WARN_UNREACHABLE_CODE = YES;
				CLANG_WARN__DUPLICATE_METHOD_MATCH = YES;
				COPY_PHASE_STRIP = NO;
				DEBUG_INFORMATION_FORMAT = dwarf;
				DEVELOPMENT_TEAM = X36HGBF94G;
				ENABLE_STRICT_OBJC_MSGSEND = YES;
				ENABLE_TESTABILITY = YES;
				ENABLE_USER_SCRIPT_SANDBOXING = YES;
				GCC_C_LANGUAGE_STANDARD = gnu17;
				GCC_DYNAMIC_NO_PIC = NO;
				GCC_NO_COMMON_BLOCKS = YES;
				GCC_OPTIMIZATION_LEVEL = 0;
				GCC_PREPROCESSOR_DEFINITIONS = (
					"DEBUG=1",
					"$(inherited)",
				);
				GCC_WARN_64_TO_32_BIT_CONVERSION = YES;
				GCC_WARN_ABOUT_RETURN_TYPE = YES_ERROR;
				GCC_WARN_UNDECLARED_SELECTOR = YES;
				GCC_WARN_UNINITIALIZED_AUTOS = YES_AGGRESSIVE;
				GCC_WARN_UNUSED_FUNCTION = YES;
				GCC_WARN_UNUSED_VARIABLE = YES;
				IPHONEOS_DEPLOYMENT_TARGET = 18.5;
				LOCALIZATION_PREFERS_STRING_CATALOGS = YES;
				MTL_ENABLE_DEBUG_INFO = INCLUDE_SOURCE;
				MTL_FAST_MATH = YES;
				ONLY_ACTIVE_ARCH = YES;
				SDKROOT = iphoneos;
				SWIFT_ACTIVE_COMPILATION_CONDITIONS = "DEBUG $(inherited)";
				SWIFT_OPTIMIZATION_LEVEL = "-Onone";
			};
			name = Debug;
		};
		1B056BB12E5EC53D0049DC2D /* Release */ = {
			isa = XCBuildConfiguration;
			buildSettings = {
				ALWAYS_SEARCH_USER_PATHS = NO;
				ASSETCATALOG_COMPILER_GENERATE_SWIFT_ASSET_SYMBOL_EXTENSIONS = YES;
				CLANG_ANALYZER_NONNULL = YES;
				CLANG_ANALYZER_NUMBER_OBJECT_CONVERSION = YES_AGGRESSIVE;
				CLANG_CXX_LANGUAGE_STANDARD = "gnu++20";
				CLANG_ENABLE_MODULES = YES;
				CLANG_ENABLE_OBJC_ARC = YES;
				CLANG_ENABLE_OBJC_WEAK = YES;
				CLANG_WARN_BLOCK_CAPTURE_AUTORELEASING = YES;
				CLANG_WARN_BOOL_CONVERSION = YES;
				CLANG_WARN_COMMA = YES;
				CLANG_WARN_CONSTANT_CONVERSION = YES;
				CLANG_WARN_DEPRECATED_OBJC_IMPLEMENTATIONS = YES;
				CLANG_WARN_DIRECT_OBJC_ISA_USAGE = YES_ERROR;
				CLANG_WARN_DOCUMENTATION_COMMENTS = YES;
				CLANG_WARN_EMPTY_BODY = YES;
				CLANG_WARN_ENUM_CONVERSION = YES;
				CLANG_WARN_INFINITE_RECURSION = YES;
				CLANG_WARN_INT_CONVERSION = YES;
				CLANG_WARN_NON_LITERAL_NULL_CONVERSION = YES;
				CLANG_WARN_OBJC_IMPLICIT_RETAIN_SELF = YES;
				CLANG_WARN_OBJC_LITERAL_CONVERSION = YES;
				CLANG_WARN_OBJC_ROOT_CLASS = YES_ERROR;
				CLANG_WARN_QUOTED_INCLUDE_IN_FRAMEWORK_HEADER = YES;
				CLANG_WARN_RANGE_LOOP_ANALYSIS = YES;
				CLANG_WARN_STRICT_PROTOTYPES = YES;
				CLANG_WARN_SUSPICIOUS_MOVE = YES;
				CLANG_WARN_UNGUARDED_AVAILABILITY = YES_AGGRESSIVE;
				CLANG_WARN_UNREACHABLE_CODE = YES;
				CLANG_WARN__DUPLICATE_METHOD_MATCH = YES;
				COPY_PHASE_STRIP = NO;
				DEBUG_INFORMATION_FORMAT = "dwarf-with-dsym";
				DEVELOPMENT_TEAM = X36HGBF94G;
				ENABLE_NS_ASSERTIONS = NO;
				ENABLE_STRICT_OBJC_MSGSEND = YES;
				ENABLE_USER_SCRIPT_SANDBOXING = YES;
				GCC_C_LANGUAGE_STANDARD = gnu17;
				GCC_NO_COMMON_BLOCKS = YES;
				GCC_WARN_64_TO_32_BIT_CONVERSION = YES;
				GCC_WARN_ABOUT_RETURN_TYPE = YES_ERROR;
				GCC_WARN_UNDECLARED_SELECTOR = YES;
				GCC_WARN_UNINITIALIZED_AUTOS = YES_AGGRESSIVE;
				GCC_WARN_UNUSED_FUNCTION = YES;
				GCC_WARN_UNUSED_VARIABLE = YES;
				IPHONEOS_DEPLOYMENT_TARGET = 18.5;
				LOCALIZATION_PREFERS_STRING_CATALOGS = YES;
				MTL_ENABLE_DEBUG_INFO = NO;
				MTL_FAST_MATH = YES;
				SDKROOT = iphoneos;
				SWIFT_COMPILATION_MODE = wholemodule;
				VALIDATE_PRODUCT = YES;
			};
			name = Release;
		};
		1B056BB32E5EC53D0049DC2D /* Debug */ = {
			isa = XCBuildConfiguration;
			buildSettings = {
				BUNDLE_LOADER = "$(TEST_HOST)";
				CODE_SIGN_STYLE = Automatic;
				CURRENT_PROJECT_VERSION = 1;
				DEVELOPMENT_TEAM = X36HGBF94G;
				GENERATE_INFOPLIST_FILE = YES;
				IPHONEOS_DEPLOYMENT_TARGET = 18.5;
				MARKETING_VERSION = 1.0;
				PRODUCT_BUNDLE_IDENTIFIER = "com.sagar.Hotel-CodableTests";
				PRODUCT_NAME = "$(TARGET_NAME)";
				SWIFT_EMIT_LOC_STRINGS = NO;
				SWIFT_VERSION = 5.0;
				TARGETED_DEVICE_FAMILY = "1,2";
				TEST_HOST = "$(BUILT_PRODUCTS_DIR)/Hotel_Codable.app/$(BUNDLE_EXECUTABLE_FOLDER_PATH)/Hotel_Codable";
			};
			name = Debug;
		};
		1B056BB42E5EC53D0049DC2D /* Release */ = {
			isa = XCBuildConfiguration;
			buildSettings = {
				BUNDLE_LOADER = "$(TEST_HOST)";
				CODE_SIGN_STYLE = Automatic;
				CURRENT_PROJECT_VERSION = 1;
				DEVELOPMENT_TEAM = X36HGBF94G;
				GENERATE_INFOPLIST_FILE = YES;
				IPHONEOS_DEPLOYMENT_TARGET = 18.5;
				MARKETING_VERSION = 1.0;
				PRODUCT_BUNDLE_IDENTIFIER = "com.sagar.Hotel-CodableTests";
				PRODUCT_NAME = "$(TARGET_NAME)";
				SWIFT_EMIT_LOC_STRINGS = NO;
				SWIFT_VERSION = 5.0;
				TARGETED_DEVICE_FAMILY = "1,2";
				TEST_HOST = "$(BUILT_PRODUCTS_DIR)/Hotel_Codable.app/$(BUNDLE_EXECUTABLE_FOLDER_PATH)/Hotel_Codable";
			};
			name = Release;
		};
		1B056BB62E5EC53D0049DC2D /* Debug */ = {
			isa = XCBuildConfiguration;
			buildSettings = {
				CODE_SIGN_STYLE = Automatic;
				CURRENT_PROJECT_VERSION = 1;
				DEVELOPMENT_TEAM = X36HGBF94G;
				GENERATE_INFOPLIST_FILE = YES;
				MARKETING_VERSION = 1.0;
				PRODUCT_BUNDLE_IDENTIFIER = "com.sagar.Hotel-CodableUITests";
				PRODUCT_NAME = "$(TARGET_NAME)";
				SWIFT_EMIT_LOC_STRINGS = NO;
				SWIFT_VERSION = 5.0;
				TARGETED_DEVICE_FAMILY = "1,2";
				TEST_TARGET_NAME = Hotel_Codable;
			};
			name = Debug;
		};
		1B056BB72E5EC53D0049DC2D /* Release */ = {
			isa = XCBuildConfiguration;
			buildSettings = {
				CODE_SIGN_STYLE = Automatic;
				CURRENT_PROJECT_VERSION = 1;
				DEVELOPMENT_TEAM = X36HGBF94G;
				GENERATE_INFOPLIST_FILE = YES;
				MARKETING_VERSION = 1.0;
				PRODUCT_BUNDLE_IDENTIFIER = "com.sagar.Hotel-CodableUITests";
				PRODUCT_NAME = "$(TARGET_NAME)";
				SWIFT_EMIT_LOC_STRINGS = NO;
				SWIFT_VERSION = 5.0;
				TARGETED_DEVICE_FAMILY = "1,2";
				TEST_TARGET_NAME = Hotel_Codable;
			};
			name = Release;
		};
/* End XCBuildConfiguration section */

/* Begin XCConfigurationList section */
		1B056B7F2E5EC53C0049DC2D /* Build configuration list for PBXProject "Hotel_Codable" */ = {
			isa = XCConfigurationList;
			buildConfigurations = (
				1B056BB02E5EC53D0049DC2D /* Debug */,
				1B056BB12E5EC53D0049DC2D /* Release */,
			);
			defaultConfigurationIsVisible = 0;
			defaultConfigurationName = Release;
		};
		1B056BAD2E5EC53D0049DC2D /* Build configuration list for PBXNativeTarget "Hotel_Codable" */ = {
			isa = XCConfigurationList;
			buildConfigurations = (
				1B056BAE2E5EC53D0049DC2D /* Debug */,
				1B056BAF2E5EC53D0049DC2D /* Release */,
			);
			defaultConfigurationIsVisible = 0;
			defaultConfigurationName = Release;
		};
		1B056BB22E5EC53D0049DC2D /* Build configuration list for PBXNativeTarget "Hotel_CodableTests" */ = {
			isa = XCConfigurationList;
			buildConfigurations = (
				1B056BB32E5EC53D0049DC2D /* Debug */,
				1B056BB42E5EC53D0049DC2D /* Release */,
			);
			defaultConfigurationIsVisible = 0;
			defaultConfigurationName = Release;
		};
		1B056BB52E5EC53D0049DC2D /* Build configuration list for PBXNativeTarget "Hotel_CodableUITests" */ = {
			isa = XCConfigurationList;
			buildConfigurations = (
				1B056BB62E5EC53D0049DC2D /* Debug */,
				1B056BB72E5EC53D0049DC2D /* Release */,
			);
			defaultConfigurationIsVisible = 0;
			defaultConfigurationName = Release;
		};
/* End XCConfigurationList section */
	};
	rootObject = 1B056B7C2E5EC53C0049DC2D /* Project object */;
}
