// !$*UTF8*$!
{
	archiveVersion = 1;
	classes = {
	};
	objectVersion = 77;
	objects = {

/* Begin PBXContainerItemProxy section */
		143E41712E3CB79C000B1B3E /* PBXContainerItemProxy */ = {
			isa = PBXContainerItemProxy;
			containerPortal = 143E41522E3CB79C000B1B3E /* Project object */;
			proxyType = 1;
			remoteGlobalIDString = 143E41592E3CB79C000B1B3E;
			remoteInfo = iOS_Keyboard;
		};
		143E417B2E3CB79D000B1B3E /* PBXContainerItemProxy */ = {
			isa = PBXContainerItemProxy;
			containerPortal = 143E41522E3CB79C000B1B3E /* Project object */;
			proxyType = 1;
			remoteGlobalIDString = 143E41592E3CB79C000B1B3E;
			remoteInfo = iOS_Keyboard;
		};
/* End PBXContainerItemProxy section */

/* Begin PBXFileReference section */
		143E415A2E3CB79C000B1B3E /* iOS_Keyboard.app */ = {isa = PBXFileReference; explicitFileType = wrapper.application; includeInIndex = 0; path = iOS_Keyboard.app; sourceTree = BUILT_PRODUCTS_DIR; };
		143E41702E3CB79C000B1B3E /* iOS_KeyboardTests.xctest */ = {isa = PBXFileReference; explicitFileType = wrapper.cfbundle; includeInIndex = 0; path = iOS_KeyboardTests.xctest; sourceTree = BUILT_PRODUCTS_DIR; };
		143E417A2E3CB79D000B1B3E /* iOS_KeyboardUITests.xctest */ = {isa = PBXFileReference; explicitFileType = wrapper.cfbundle; includeInIndex = 0; path = iOS_KeyboardUITests.xctest; sourceTree = BUILT_PRODUCTS_DIR; };
/* End PBXFileReference section */

/* Begin PBXFileSystemSynchronizedBuildFileExceptionSet section */
		143E41822E3CB79D000B1B3E /* Exceptions for "iOS_Keyboard" folder in "iOS_Keyboard" target */ = {
			isa = PBXFileSystemSynchronizedBuildFileExceptionSet;
			membershipExceptions = (
				Info.plist,
			);
			target = 143E41592E3CB79C000B1B3E /* iOS_Keyboard */;
		};
/* End PBXFileSystemSynchronizedBuildFileExceptionSet section */

/* Begin PBXFileSystemSynchronizedRootGroup section */
		143E415C2E3CB79C000B1B3E /* iOS_Keyboard */ = {
			isa = PBXFileSystemSynchronizedRootGroup;
			exceptions = (
				143E41822E3CB79D000B1B3E /* Exceptions for "iOS_Keyboard" folder in "iOS_Keyboard" target */,
			);
			path = iOS_Keyboard;
			sourceTree = "<group>";
		};
		143E41732E3CB79D000B1B3E /* iOS_KeyboardTests */ = {
			isa = PBXFileSystemSynchronizedRootGroup;
			path = iOS_KeyboardTests;
			sourceTree = "<group>";
		};
		143E417D2E3CB79D000B1B3E /* iOS_KeyboardUITests */ = {
			isa = PBXFileSystemSynchronizedRootGroup;
			path = iOS_KeyboardUITests;
			sourceTree = "<group>";
		};
/* End PBXFileSystemSynchronizedRootGroup section */

/* Begin PBXFrameworksBuildPhase section */
		143E41572E3CB79C000B1B3E /* Frameworks */ = {
			isa = PBXFrameworksBuildPhase;
			buildActionMask = 2147483647;
			files = (
			);
			runOnlyForDeploymentPostprocessing = 0;
		};
		143E416D2E3CB79C000B1B3E /* Frameworks */ = {
			isa = PBXFrameworksBuildPhase;
			buildActionMask = 2147483647;
			files = (
			);
			runOnlyForDeploymentPostprocessing = 0;
		};
		143E41772E3CB79D000B1B3E /* Frameworks */ = {
			isa = PBXFrameworksBuildPhase;
			buildActionMask = 2147483647;
			files = (
			);
			runOnlyForDeploymentPostprocessing = 0;
		};
/* End PBXFrameworksBuildPhase section */

/* Begin PBXGroup section */
		143E41512E3CB79C000B1B3E = {
			isa = PBXGroup;
			children = (
				143E415C2E3CB79C000B1B3E /* iOS_Keyboard */,
				143E41732E3CB79D000B1B3E /* iOS_KeyboardTests */,
				143E417D2E3CB79D000B1B3E /* iOS_KeyboardUITests */,
				143E415B2E3CB79C000B1B3E /* Products */,
			);
			sourceTree = "<group>";
		};
		143E415B2E3CB79C000B1B3E /* Products */ = {
			isa = PBXGroup;
			children = (
				143E415A2E3CB79C000B1B3E /* iOS_Keyboard.app */,
				143E41702E3CB79C000B1B3E /* iOS_KeyboardTests.xctest */,
				143E417A2E3CB79D000B1B3E /* iOS_KeyboardUITests.xctest */,
			);
			name = Products;
			sourceTree = "<group>";
		};
/* End PBXGroup section */

/* Begin PBXNativeTarget section */
		143E41592E3CB79C000B1B3E /* iOS_Keyboard */ = {
			isa = PBXNativeTarget;
			buildConfigurationList = 143E41832E3CB79D000B1B3E /* Build configuration list for PBXNativeTarget "iOS_Keyboard" */;
			buildPhases = (
				143E41562E3CB79C000B1B3E /* Sources */,
				143E41572E3CB79C000B1B3E /* Frameworks */,
				143E41582E3CB79C000B1B3E /* Resources */,
			);
			buildRules = (
			);
			dependencies = (
			);
			fileSystemSynchronizedGroups = (
				143E415C2E3CB79C000B1B3E /* iOS_Keyboard */,
			);
			name = iOS_Keyboard;
			packageProductDependencies = (
			);
			productName = iOS_Keyboard;
			productReference = 143E415A2E3CB79C000B1B3E /* iOS_Keyboard.app */;
			productType = "com.apple.product-type.application";
		};
		143E416F2E3CB79C000B1B3E /* iOS_KeyboardTests */ = {
			isa = PBXNativeTarget;
			buildConfigurationList = 143E41882E3CB79D000B1B3E /* Build configuration list for PBXNativeTarget "iOS_KeyboardTests" */;
			buildPhases = (
				143E416C2E3CB79C000B1B3E /* Sources */,
				143E416D2E3CB79C000B1B3E /* Frameworks */,
				143E416E2E3CB79C000B1B3E /* Resources */,
			);
			buildRules = (
			);
			dependencies = (
				143E41722E3CB79C000B1B3E /* PBXTargetDependency */,
			);
			fileSystemSynchronizedGroups = (
				143E41732E3CB79D000B1B3E /* iOS_KeyboardTests */,
			);
			name = iOS_KeyboardTests;
			packageProductDependencies = (
			);
			productName = iOS_KeyboardTests;
			productReference = 143E41702E3CB79C000B1B3E /* iOS_KeyboardTests.xctest */;
			productType = "com.apple.product-type.bundle.unit-test";
		};
		143E41792E3CB79D000B1B3E /* iOS_KeyboardUITests */ = {
			isa = PBXNativeTarget;
			buildConfigurationList = 143E418B2E3CB79D000B1B3E /* Build configuration list for PBXNativeTarget "iOS_KeyboardUITests" */;
			buildPhases = (
				143E41762E3CB79D000B1B3E /* Sources */,
				143E41772E3CB79D000B1B3E /* Frameworks */,
				143E41782E3CB79D000B1B3E /* Resources */,
			);
			buildRules = (
			);
			dependencies = (
				143E417C2E3CB79D000B1B3E /* PBXTargetDependency */,
			);
			fileSystemSynchronizedGroups = (
				143E417D2E3CB79D000B1B3E /* iOS_KeyboardUITests */,
			);
			name = iOS_KeyboardUITests;
			packageProductDependencies = (
			);
			productName = iOS_KeyboardUITests;
			productReference = 143E417A2E3CB79D000B1B3E /* iOS_KeyboardUITests.xctest */;
			productType = "com.apple.product-type.bundle.ui-testing";
		};
/* End PBXNativeTarget section */

/* Begin PBXProject section */
		143E41522E3CB79C000B1B3E /* Project object */ = {
			isa = PBXProject;
			attributes = {
				BuildIndependentTargetsInParallel = 1;
				LastSwiftUpdateCheck = 1640;
				LastUpgradeCheck = 1640;
				TargetAttributes = {
					143E41592E3CB79C000B1B3E = {
						CreatedOnToolsVersion = 16.4;
					};
					143E416F2E3CB79C000B1B3E = {
						CreatedOnToolsVersion = 16.4;
						TestTargetID = 143E41592E3CB79C000B1B3E;
					};
					143E41792E3CB79D000B1B3E = {
						CreatedOnToolsVersion = 16.4;
						TestTargetID = 143E41592E3CB79C000B1B3E;
					};
				};
			};
			buildConfigurationList = 143E41552E3CB79C000B1B3E /* Build configuration list for PBXProject "iOS_Keyboard" */;
			developmentRegion = en;
			hasScannedForEncodings = 0;
			knownRegions = (
				en,
				Base,
			);
			mainGroup = 143E41512E3CB79C000B1B3E;
			minimizedProjectReferenceProxies = 1;
			preferredProjectObjectVersion = 77;
			productRefGroup = 143E415B2E3CB79C000B1B3E /* Products */;
			projectDirPath = "";
			projectRoot = "";
			targets = (
				143E41592E3CB79C000B1B3E /* iOS_Keyboard */,
				143E416F2E3CB79C000B1B3E /* iOS_KeyboardTests */,
				143E41792E3CB79D000B1B3E /* iOS_KeyboardUITests */,
			);
		};
/* End PBXProject section */

/* Begin PBXResourcesBuildPhase section */
		143E41582E3CB79C000B1B3E /* Resources */ = {
			isa = PBXResourcesBuildPhase;
			buildActionMask = 2147483647;
			files = (
			);
			runOnlyForDeploymentPostprocessing = 0;
		};
		143E416E2E3CB79C000B1B3E /* Resources */ = {
			isa = PBXResourcesBuildPhase;
			buildActionMask = 2147483647;
			files = (
			);
			runOnlyForDeploymentPostprocessing = 0;
		};
		143E41782E3CB79D000B1B3E /* Resources */ = {
			isa = PBXResourcesBuildPhase;
			buildActionMask = 2147483647;
			files = (
			);
			runOnlyForDeploymentPostprocessing = 0;
		};
/* End PBXResourcesBuildPhase section */

/* Begin PBXSourcesBuildPhase section */
		143E41562E3CB79C000B1B3E /* Sources */ = {
			isa = PBXSourcesBuildPhase;
			buildActionMask = 2147483647;
			files = (
			);
			runOnlyForDeploymentPostprocessing = 0;
		};
		143E416C2E3CB79C000B1B3E /* Sources */ = {
			isa = PBXSourcesBuildPhase;
			buildActionMask = 2147483647;
			files = (
			);
			runOnlyForDeploymentPostprocessing = 0;
		};
		143E41762E3CB79D000B1B3E /* Sources */ = {
			isa = PBXSourcesBuildPhase;
			buildActionMask = 2147483647;
			files = (
			);
			runOnlyForDeploymentPostprocessing = 0;
		};
/* End PBXSourcesBuildPhase section */

/* Begin PBXTargetDependency section */
		143E41722E3CB79C000B1B3E /* PBXTargetDependency */ = {
			isa = PBXTargetDependency;
			target = 143E41592E3CB79C000B1B3E /* iOS_Keyboard */;
			targetProxy = 143E41712E3CB79C000B1B3E /* PBXContainerItemProxy */;
		};
		143E417C2E3CB79D000B1B3E /* PBXTargetDependency */ = {
			isa = PBXTargetDependency;
			target = 143E41592E3CB79C000B1B3E /* iOS_Keyboard */;
			targetProxy = 143E417B2E3CB79D000B1B3E /* PBXContainerItemProxy */;
		};
/* End PBXTargetDependency section */

/* Begin XCBuildConfiguration section */
		143E41842E3CB79D000B1B3E /* Debug */ = {
			isa = XCBuildConfiguration;
			buildSettings = {
				ASSETCATALOG_COMPILER_APPICON_NAME = AppIcon;
				ASSETCATALOG_COMPILER_GLOBAL_ACCENT_COLOR_NAME = AccentColor;
				CODE_SIGN_STYLE = Automatic;
				CURRENT_PROJECT_VERSION = 1;
				DEVELOPMENT_TEAM = TZCAB9NXXT;
				GENERATE_INFOPLIST_FILE = YES;
				INFOPLIST_FILE = iOS_Keyboard/Info.plist;
				INFOPLIST_KEY_UIApplicationSupportsIndirectInputEvents = YES;
				INFOPLIST_KEY_UILaunchStoryboardName = LaunchScreen;
				INFOPLIST_KEY_UIMainStoryboardFile = Main;
				INFOPLIST_KEY_UISupportedInterfaceOrientations_iPad = "UIInterfaceOrientationPortrait UIInterfaceOrientationPortraitUpsideDown UIInterfaceOrientationLandscapeLeft UIInterfaceOrientationLandscapeRight";
				INFOPLIST_KEY_UISupportedInterfaceOrientations_iPhone = "UIInterfaceOrientationPortrait UIInterfaceOrientationLandscapeLeft UIInterfaceOrientationLandscapeRight";
				LD_RUNPATH_SEARCH_PATHS = (
					"$(inherited)",
					"@executable_path/Frameworks",
				);
				MARKETING_VERSION = 1.0;
				PRODUCT_BUNDLE_IDENTIFIER = "Anmol.iOS-Keyboard";
				PRODUCT_NAME = "$(TARGET_NAME)";
				SWIFT_EMIT_LOC_STRINGS = YES;
				SWIFT_VERSION = 5.0;
				TARGETED_DEVICE_FAMILY = "1,2";
			};
			name = Debug;
		};
		143E41852E3CB79D000B1B3E /* Release */ = {
			isa = XCBuildConfiguration;
			buildSettings = {
				ASSETCATALOG_COMPILER_APPICON_NAME = AppIcon;
				ASSETCATALOG_COMPILER_GLOBAL_ACCENT_COLOR_NAME = AccentColor;
				CODE_SIGN_STYLE = Automatic;
				CURRENT_PROJECT_VERSION = 1;
				DEVELOPMENT_TEAM = TZCAB9NXXT;
				GENERATE_INFOPLIST_FILE = YES;
				INFOPLIST_FILE = iOS_Keyboard/Info.plist;
				INFOPLIST_KEY_UIApplicationSupportsIndirectInputEvents = YES;
				INFOPLIST_KEY_UILaunchStoryboardName = LaunchScreen;
				INFOPLIST_KEY_UIMainStoryboardFile = Main;
				INFOPLIST_KEY_UISupportedInterfaceOrientations_iPad = "UIInterfaceOrientationPortrait UIInterfaceOrientationPortraitUpsideDown UIInterfaceOrientationLandscapeLeft UIInterfaceOrientationLandscapeRight";
				INFOPLIST_KEY_UISupportedInterfaceOrientations_iPhone = "UIInterfaceOrientationPortrait UIInterfaceOrientationLandscapeLeft UIInterfaceOrientationLandscapeRight";
				LD_RUNPATH_SEARCH_PATHS = (
					"$(inherited)",
					"@executable_path/Frameworks",
				);
				MARKETING_VERSION = 1.0;
				PRODUCT_BUNDLE_IDENTIFIER = "Anmol.iOS-Keyboard";
				PRODUCT_NAME = "$(TARGET_NAME)";
				SWIFT_EMIT_LOC_STRINGS = YES;
				SWIFT_VERSION = 5.0;
				TARGETED_DEVICE_FAMILY = "1,2";
			};
			name = Release;
		};
		143E41862E3CB79D000B1B3E /* Debug */ = {
			isa = XCBuildConfiguration;
			buildSettings = {
				ALWAYS_SEARCH_USER_PATHS = NO;
				ASSETCATALOG_COMPILER_GENERATE_SWIFT_ASSET_SYMBOL_EXTENSIONS = YES;
				CLANG_ANALYZER_NONNULL = YES;
				CLANG_ANALYZER_NUMBER_OBJECT_CONVERSION = YES_AGGRESSIVE;
				CLANG_CXX_LANGUAGE_STANDARD = "gnu++20";
				CLANG_ENABLE_MODULES = YES;
				CLANG_ENABLE_OBJC_ARC = YES;
				CLANG_ENABLE_OBJC_WEAK = YES;
				CLANG_WARN_BLOCK_CAPTURE_AUTORELEASING = YES;
				CLANG_WARN_BOOL_CONVERSION = YES;
				CLANG_WARN_COMMA = YES;
				CLANG_WARN_CONSTANT_CONVERSION = YES;
				CLANG_WARN_DEPRECATED_OBJC_IMPLEMENTATIONS = YES;
				CLANG_WARN_DIRECT_OBJC_ISA_USAGE = YES_ERROR;
				CLANG_WARN_DOCUMENTATION_COMMENTS = YES;
				CLANG_WARN_EMPTY_BODY = YES;
				CLANG_WARN_ENUM_CONVERSION = YES;
				CLANG_WARN_INFINITE_RECURSION = YES;
				CLANG_WARN_INT_CONVERSION = YES;
				CLANG_WARN_NON_LITERAL_NULL_CONVERSION = YES;
				CLANG_WARN_OBJC_IMPLICIT_RETAIN_SELF = YES;
				CLANG_WARN_OBJC_LITERAL_CONVERSION = YES;
				CLANG_WARN_OBJC_ROOT_CLASS = YES_ERROR;
				CLANG_WARN_QUOTED_INCLUDE_IN_FRAMEWORK_HEADER = YES;
				CLANG_WARN_RANGE_LOOP_ANALYSIS = YES;
				CLANG_WARN_STRICT_PROTOTYPES = YES;
				CLANG_WARN_SUSPICIOUS_MOVE = YES;
				CLANG_WARN_UNGUARDED_AVAILABILITY = YES_AGGRESSIVE;
				CLANG_WARN_UNREACHABLE_CODE = YES;
				CLANG_WARN__DUPLICATE_METHOD_MATCH = YES;
				COPY_PHASE_STRIP = NO;
				DEBUG_INFORMATION_FORMAT = dwarf;
				DEVELOPMENT_TEAM = TZCAB9NXXT;
				ENABLE_STRICT_OBJC_MSGSEND = YES;
				ENABLE_TESTABILITY = YES;
				ENABLE_USER_SCRIPT_SANDBOXING = YES;
				GCC_C_LANGUAGE_STANDARD = gnu17;
				GCC_DYNAMIC_NO_PIC = NO;
				GCC_NO_COMMON_BLOCKS = YES;
				GCC_OPTIMIZATION_LEVEL = 0;
				GCC_PREPROCESSOR_DEFINITIONS = (
					"DEBUG=1",
					"$(inherited)",
				);
				GCC_WARN_64_TO_32_BIT_CONVERSION = YES;
				GCC_WARN_ABOUT_RETURN_TYPE = YES_ERROR;
				GCC_WARN_UNDECLARED_SELECTOR = YES;
				GCC_WARN_UNINITIALIZED_AUTOS = YES_AGGRESSIVE;
				GCC_WARN_UNUSED_FUNCTION = YES;
				GCC_WARN_UNUSED_VARIABLE = YES;
				IPHONEOS_DEPLOYMENT_TARGET = 18.5;
				LOCALIZATION_PREFERS_STRING_CATALOGS = YES;
				MTL_ENABLE_DEBUG_INFO = INCLUDE_SOURCE;
				MTL_FAST_MATH = YES;
				ONLY_ACTIVE_ARCH = YES;
				SDKROOT = iphoneos;
				SWIFT_ACTIVE_COMPILATION_CONDITIONS = "DEBUG $(inherited)";
				SWIFT_OPTIMIZATION_LEVEL = "-Onone";
			};
			name = Debug;
		};
		143E41872E3CB79D000B1B3E /* Release */ = {
			isa = XCBuildConfiguration;
			buildSettings = {
				ALWAYS_SEARCH_USER_PATHS = NO;
				ASSETCATALOG_COMPILER_GENERATE_SWIFT_ASSET_SYMBOL_EXTENSIONS = YES;
				CLANG_ANALYZER_NONNULL = YES;
				CLANG_ANALYZER_NUMBER_OBJECT_CONVERSION = YES_AGGRESSIVE;
				CLANG_CXX_LANGUAGE_STANDARD = "gnu++20";
				CLANG_ENABLE_MODULES = YES;
				CLANG_ENABLE_OBJC_ARC = YES;
				CLANG_ENABLE_OBJC_WEAK = YES;
				CLANG_WARN_BLOCK_CAPTURE_AUTORELEASING = YES;
				CLANG_WARN_BOOL_CONVERSION = YES;
				CLANG_WARN_COMMA = YES;
				CLANG_WARN_CONSTANT_CONVERSION = YES;
				CLANG_WARN_DEPRECATED_OBJC_IMPLEMENTATIONS = YES;
				CLANG_WARN_DIRECT_OBJC_ISA_USAGE = YES_ERROR;
				CLANG_WARN_DOCUMENTATION_COMMENTS = YES;
				CLANG_WARN_EMPTY_BODY = YES;
				CLANG_WARN_ENUM_CONVERSION = YES;
				CLANG_WARN_INFINITE_RECURSION = YES;
				CLANG_WARN_INT_CONVERSION = YES;
				CLANG_WARN_NON_LITERAL_NULL_CONVERSION = YES;
				CLANG_WARN_OBJC_IMPLICIT_RETAIN_SELF = YES;
				CLANG_WARN_OBJC_LITERAL_CONVERSION = YES;
				CLANG_WARN_OBJC_ROOT_CLASS = YES_ERROR;
				CLANG_WARN_QUOTED_INCLUDE_IN_FRAMEWORK_HEADER = YES;
				CLANG_WARN_RANGE_LOOP_ANALYSIS = YES;
				CLANG_WARN_STRICT_PROTOTYPES = YES;
				CLANG_WARN_SUSPICIOUS_MOVE = YES;
				CLANG_WARN_UNGUARDED_AVAILABILITY = YES_AGGRESSIVE;
				CLANG_WARN_UNREACHABLE_CODE = YES;
				CLANG_WARN__DUPLICATE_METHOD_MATCH = YES;
				COPY_PHASE_STRIP = NO;
				DEBUG_INFORMATION_FORMAT = "dwarf-with-dsym";
				DEVELOPMENT_TEAM = TZCAB9NXXT;
				ENABLE_NS_ASSERTIONS = NO;
				ENABLE_STRICT_OBJC_MSGSEND = YES;
				ENABLE_USER_SCRIPT_SANDBOXING = YES;
				GCC_C_LANGUAGE_STANDARD = gnu17;
				GCC_NO_COMMON_BLOCKS = YES;
				GCC_WARN_64_TO_32_BIT_CONVERSION = YES;
				GCC_WARN_ABOUT_RETURN_TYPE = YES_ERROR;
				GCC_WARN_UNDECLARED_SELECTOR = YES;
				GCC_WARN_UNINITIALIZED_AUTOS = YES_AGGRESSIVE;
				GCC_WARN_UNUSED_FUNCTION = YES;
				GCC_WARN_UNUSED_VARIABLE = YES;
				IPHONEOS_DEPLOYMENT_TARGET = 18.5;
				LOCALIZATION_PREFERS_STRING_CATALOGS = YES;
				MTL_ENABLE_DEBUG_INFO = NO;
				MTL_FAST_MATH = YES;
				SDKROOT = iphoneos;
				SWIFT_COMPILATION_MODE = wholemodule;
				VALIDATE_PRODUCT = YES;
			};
			name = Release;
		};
		143E41892E3CB79D000B1B3E /* Debug */ = {
			isa = XCBuildConfiguration;
			buildSettings = {
				BUNDLE_LOADER = "$(TEST_HOST)";
				CODE_SIGN_STYLE = Automatic;
				CURRENT_PROJECT_VERSION = 1;
				DEVELOPMENT_TEAM = TZCAB9NXXT;
				GENERATE_INFOPLIST_FILE = YES;
				IPHONEOS_DEPLOYMENT_TARGET = 18.5;
				MARKETING_VERSION = 1.0;
				PRODUCT_BUNDLE_IDENTIFIER = "Anmol.iOS-KeyboardTests";
				PRODUCT_NAME = "$(TARGET_NAME)";
				SWIFT_EMIT_LOC_STRINGS = NO;
				SWIFT_VERSION = 5.0;
				TARGETED_DEVICE_FAMILY = "1,2";
				TEST_HOST = "$(BUILT_PRODUCTS_DIR)/iOS_Keyboard.app/$(BUNDLE_EXECUTABLE_FOLDER_PATH)/iOS_Keyboard";
			};
			name = Debug;
		};
		143E418A2E3CB79D000B1B3E /* Release */ = {
			isa = XCBuildConfiguration;
			buildSettings = {
				BUNDLE_LOADER = "$(TEST_HOST)";
				CODE_SIGN_STYLE = Automatic;
				CURRENT_PROJECT_VERSION = 1;
				DEVELOPMENT_TEAM = TZCAB9NXXT;
				GENERATE_INFOPLIST_FILE = YES;
				IPHONEOS_DEPLOYMENT_TARGET = 18.5;
				MARKETING_VERSION = 1.0;
				PRODUCT_BUNDLE_IDENTIFIER = "Anmol.iOS-KeyboardTests";
				PRODUCT_NAME = "$(TARGET_NAME)";
				SWIFT_EMIT_LOC_STRINGS = NO;
				SWIFT_VERSION = 5.0;
				TARGETED_DEVICE_FAMILY = "1,2";
				TEST_HOST = "$(BUILT_PRODUCTS_DIR)/iOS_Keyboard.app/$(BUNDLE_EXECUTABLE_FOLDER_PATH)/iOS_Keyboard";
			};
			name = Release;
		};
		143E418C2E3CB79D000B1B3E /* Debug */ = {
			isa = XCBuildConfiguration;
			buildSettings = {
				CODE_SIGN_STYLE = Automatic;
				CURRENT_PROJECT_VERSION = 1;
				DEVELOPMENT_TEAM = TZCAB9NXXT;
				GENERATE_INFOPLIST_FILE = YES;
				MARKETING_VERSION = 1.0;
				PRODUCT_BUNDLE_IDENTIFIER = "Anmol.iOS-KeyboardUITests";
				PRODUCT_NAME = "$(TARGET_NAME)";
				SWIFT_EMIT_LOC_STRINGS = NO;
				SWIFT_VERSION = 5.0;
				TARGETED_DEVICE_FAMILY = "1,2";
				TEST_TARGET_NAME = iOS_Keyboard;
			};
			name = Debug;
		};
		143E418D2E3CB79D000B1B3E /* Release */ = {
			isa = XCBuildConfiguration;
			buildSettings = {
				CODE_SIGN_STYLE = Automatic;
				CURRENT_PROJECT_VERSION = 1;
				DEVELOPMENT_TEAM = TZCAB9NXXT;
				GENERATE_INFOPLIST_FILE = YES;
				MARKETING_VERSION = 1.0;
				PRODUCT_BUNDLE_IDENTIFIER = "Anmol.iOS-KeyboardUITests";
				PRODUCT_NAME = "$(TARGET_NAME)";
				SWIFT_EMIT_LOC_STRINGS = NO;
				SWIFT_VERSION = 5.0;
				TARGETED_DEVICE_FAMILY = "1,2";
				TEST_TARGET_NAME = iOS_Keyboard;
			};
			name = Release;
		};
/* End XCBuildConfiguration section */

/* Begin XCConfigurationList section */
		143E41552E3CB79C000B1B3E /* Build configuration list for PBXProject "iOS_Keyboard" */ = {
			isa = XCConfigurationList;
			buildConfigurations = (
				143E41862E3CB79D000B1B3E /* Debug */,
				143E41872E3CB79D000B1B3E /* Release */,
			);
			defaultConfigurationIsVisible = 0;
			defaultConfigurationName = Release;
		};
		143E41832E3CB79D000B1B3E /* Build configuration list for PBXNativeTarget "iOS_Keyboard" */ = {
			isa = XCConfigurationList;
			buildConfigurations = (
				143E41842E3CB79D000B1B3E /* Debug */,
				143E41852E3CB79D000B1B3E /* Release */,
			);
			defaultConfigurationIsVisible = 0;
			defaultConfigurationName = Release;
		};
		143E41882E3CB79D000B1B3E /* Build configuration list for PBXNativeTarget "iOS_KeyboardTests" */ = {
			isa = XCConfigurationList;
			buildConfigurations = (
				143E41892E3CB79D000B1B3E /* Debug */,
				143E418A2E3CB79D000B1B3E /* Release */,
			);
			defaultConfigurationIsVisible = 0;
			defaultConfigurationName = Release;
		};
		143E418B2E3CB79D000B1B3E /* Build configuration list for PBXNativeTarget "iOS_KeyboardUITests" */ = {
			isa = XCConfigurationList;
			buildConfigurations = (
				143E418C2E3CB79D000B1B3E /* Debug */,
				143E418D2E3CB79D000B1B3E /* Release */,
			);
			defaultConfigurationIsVisible = 0;
			defaultConfigurationName = Release;
		};
/* End XCConfigurationList section */
	};
	rootObject = 143E41522E3CB79C000B1B3E /* Project object */;
}
