// !$*UTF8*$!
{
	archiveVersion = 1;
	classes = {
	};
	objectVersion = 77;
	objects = {

/* Begin PBXContainerItemProxy section */
		14B9907F2E406DD70079D6B4 /* PBXContainerItemProxy */ = {
			isa = PBXContainerItemProxy;
			containerPortal = 14B990602E406DD70079D6B4 /* Project object */;
			proxyType = 1;
			remoteGlobalIDString = 14B990672E406DD70079D6B4;
			remoteInfo = Personality__Practice;
		};
		14B990892E406DD70079D6B4 /* PBXContainerItemProxy */ = {
			isa = PBXContainerItemProxy;
			containerPortal = 14B990602E406DD70079D6B4 /* Project object */;
			proxyType = 1;
			remoteGlobalIDString = 14B990672E406DD70079D6B4;
			remoteInfo = Personality__Practice;
		};
/* End PBXContainerItemProxy section */

/* Begin PBXFileReference section */
		14B990682E406DD70079D6B4 /* Personality__Practice.app */ = {isa = PBXFileReference; explicitFileType = wrapper.application; includeInIndex = 0; path = Personality__Practice.app; sourceTree = BUILT_PRODUCTS_DIR; };
		14B9907E2E406DD70079D6B4 /* Personality__PracticeTests.xctest */ = {isa = PBXFileReference; explicitFileType = wrapper.cfbundle; includeInIndex = 0; path = Personality__PracticeTests.xctest; sourceTree = BUILT_PRODUCTS_DIR; };
		14B990882E406DD70079D6B4 /* Personality__PracticeUITests.xctest */ = {isa = PBXFileReference; explicitFileType = wrapper.cfbundle; includeInIndex = 0; path = Personality__PracticeUITests.xctest; sourceTree = BUILT_PRODUCTS_DIR; };
/* End PBXFileReference section */

/* Begin PBXFileSystemSynchronizedBuildFileExceptionSet section */
		14B990902E406DD70079D6B4 /* Exceptions for "Personality__Practice" folder in "Personality__Practice" target */ = {
			isa = PBXFileSystemSynchronizedBuildFileExceptionSet;
			membershipExceptions = (
				Info.plist,
			);
			target = 14B990672E406DD70079D6B4 /* Personality__Practice */;
		};
/* End PBXFileSystemSynchronizedBuildFileExceptionSet section */

/* Begin PBXFileSystemSynchronizedRootGroup section */
		14B9906A2E406DD70079D6B4 /* Personality__Practice */ = {
			isa = PBXFileSystemSynchronizedRootGroup;
			exceptions = (
				14B990902E406DD70079D6B4 /* Exceptions for "Personality__Practice" folder in "Personality__Practice" target */,
			);
			path = Personality__Practice;
			sourceTree = "<group>";
		};
		14B990812E406DD70079D6B4 /* Personality__PracticeTests */ = {
			isa = PBXFileSystemSynchronizedRootGroup;
			path = Personality__PracticeTests;
			sourceTree = "<group>";
		};
		14B9908B2E406DD70079D6B4 /* Personality__PracticeUITests */ = {
			isa = PBXFileSystemSynchronizedRootGroup;
			path = Personality__PracticeUITests;
			sourceTree = "<group>";
		};
/* End PBXFileSystemSynchronizedRootGroup section */

/* Begin PBXFrameworksBuildPhase section */
		14B990652E406DD70079D6B4 /* Frameworks */ = {
			isa = PBXFrameworksBuildPhase;
			buildActionMask = 2147483647;
			files = (
			);
			runOnlyForDeploymentPostprocessing = 0;
		};
		14B9907B2E406DD70079D6B4 /* Frameworks */ = {
			isa = PBXFrameworksBuildPhase;
			buildActionMask = 2147483647;
			files = (
			);
			runOnlyForDeploymentPostprocessing = 0;
		};
		14B990852E406DD70079D6B4 /* Frameworks */ = {
			isa = PBXFrameworksBuildPhase;
			buildActionMask = 2147483647;
			files = (
			);
			runOnlyForDeploymentPostprocessing = 0;
		};
/* End PBXFrameworksBuildPhase section */

/* Begin PBXGroup section */
		14B9905F2E406DD70079D6B4 = {
			isa = PBXGroup;
			children = (
				14B9906A2E406DD70079D6B4 /* Personality__Practice */,
				14B990812E406DD70079D6B4 /* Personality__PracticeTests */,
				14B9908B2E406DD70079D6B4 /* Personality__PracticeUITests */,
				14B990692E406DD70079D6B4 /* Products */,
			);
			sourceTree = "<group>";
		};
		14B990692E406DD70079D6B4 /* Products */ = {
			isa = PBXGroup;
			children = (
				14B990682E406DD70079D6B4 /* Personality__Practice.app */,
				14B9907E2E406DD70079D6B4 /* Personality__PracticeTests.xctest */,
				14B990882E406DD70079D6B4 /* Personality__PracticeUITests.xctest */,
			);
			name = Products;
			sourceTree = "<group>";
		};
/* End PBXGroup section */

/* Begin PBXNativeTarget section */
		14B990672E406DD70079D6B4 /* Personality__Practice */ = {
			isa = PBXNativeTarget;
			buildConfigurationList = 14B990912E406DD70079D6B4 /* Build configuration list for PBXNativeTarget "Personality__Practice" */;
			buildPhases = (
				14B990642E406DD70079D6B4 /* Sources */,
				14B990652E406DD70079D6B4 /* Frameworks */,
				14B990662E406DD70079D6B4 /* Resources */,
			);
			buildRules = (
			);
			dependencies = (
			);
			fileSystemSynchronizedGroups = (
				14B9906A2E406DD70079D6B4 /* Personality__Practice */,
			);
			name = Personality__Practice;
			packageProductDependencies = (
			);
			productName = Personality__Practice;
			productReference = 14B990682E406DD70079D6B4 /* Personality__Practice.app */;
			productType = "com.apple.product-type.application";
		};
		14B9907D2E406DD70079D6B4 /* Personality__PracticeTests */ = {
			isa = PBXNativeTarget;
			buildConfigurationList = 14B990962E406DD70079D6B4 /* Build configuration list for PBXNativeTarget "Personality__PracticeTests" */;
			buildPhases = (
				14B9907A2E406DD70079D6B4 /* Sources */,
				14B9907B2E406DD70079D6B4 /* Frameworks */,
				14B9907C2E406DD70079D6B4 /* Resources */,
			);
			buildRules = (
			);
			dependencies = (
				14B990802E406DD70079D6B4 /* PBXTargetDependency */,
			);
			fileSystemSynchronizedGroups = (
				14B990812E406DD70079D6B4 /* Personality__PracticeTests */,
			);
			name = Personality__PracticeTests;
			packageProductDependencies = (
			);
			productName = Personality__PracticeTests;
			productReference = 14B9907E2E406DD70079D6B4 /* Personality__PracticeTests.xctest */;
			productType = "com.apple.product-type.bundle.unit-test";
		};
		14B990872E406DD70079D6B4 /* Personality__PracticeUITests */ = {
			isa = PBXNativeTarget;
			buildConfigurationList = 14B990992E406DD70079D6B4 /* Build configuration list for PBXNativeTarget "Personality__PracticeUITests" */;
			buildPhases = (
				14B990842E406DD70079D6B4 /* Sources */,
				14B990852E406DD70079D6B4 /* Frameworks */,
				14B990862E406DD70079D6B4 /* Resources */,
			);
			buildRules = (
			);
			dependencies = (
				14B9908A2E406DD70079D6B4 /* PBXTargetDependency */,
			);
			fileSystemSynchronizedGroups = (
				14B9908B2E406DD70079D6B4 /* Personality__PracticeUITests */,
			);
			name = Personality__PracticeUITests;
			packageProductDependencies = (
			);
			productName = Personality__PracticeUITests;
			productReference = 14B990882E406DD70079D6B4 /* Personality__PracticeUITests.xctest */;
			productType = "com.apple.product-type.bundle.ui-testing";
		};
/* End PBXNativeTarget section */

/* Begin PBXProject section */
		14B990602E406DD70079D6B4 /* Project object */ = {
			isa = PBXProject;
			attributes = {
				BuildIndependentTargetsInParallel = 1;
				LastSwiftUpdateCheck = 1640;
				LastUpgradeCheck = 1640;
				TargetAttributes = {
					14B990672E406DD70079D6B4 = {
						CreatedOnToolsVersion = 16.4;
					};
					14B9907D2E406DD70079D6B4 = {
						CreatedOnToolsVersion = 16.4;
						TestTargetID = 14B990672E406DD70079D6B4;
					};
					14B990872E406DD70079D6B4 = {
						CreatedOnToolsVersion = 16.4;
						TestTargetID = 14B990672E406DD70079D6B4;
					};
				};
			};
			buildConfigurationList = 14B990632E406DD70079D6B4 /* Build configuration list for PBXProject "Personality__Practice" */;
			developmentRegion = en;
			hasScannedForEncodings = 0;
			knownRegions = (
				en,
				Base,
			);
			mainGroup = 14B9905F2E406DD70079D6B4;
			minimizedProjectReferenceProxies = 1;
			preferredProjectObjectVersion = 77;
			productRefGroup = 14B990692E406DD70079D6B4 /* Products */;
			projectDirPath = "";
			projectRoot = "";
			targets = (
				14B990672E406DD70079D6B4 /* Personality__Practice */,
				14B9907D2E406DD70079D6B4 /* Personality__PracticeTests */,
				14B990872E406DD70079D6B4 /* Personality__PracticeUITests */,
			);
		};
/* End PBXProject section */

/* Begin PBXResourcesBuildPhase section */
		14B990662E406DD70079D6B4 /* Resources */ = {
			isa = PBXResourcesBuildPhase;
			buildActionMask = 2147483647;
			files = (
			);
			runOnlyForDeploymentPostprocessing = 0;
		};
		14B9907C2E406DD70079D6B4 /* Resources */ = {
			isa = PBXResourcesBuildPhase;
			buildActionMask = 2147483647;
			files = (
			);
			runOnlyForDeploymentPostprocessing = 0;
		};
		14B990862E406DD70079D6B4 /* Resources */ = {
			isa = PBXResourcesBuildPhase;
			buildActionMask = 2147483647;
			files = (
			);
			runOnlyForDeploymentPostprocessing = 0;
		};
/* End PBXResourcesBuildPhase section */

/* Begin PBXSourcesBuildPhase section */
		14B990642E406DD70079D6B4 /* Sources */ = {
			isa = PBXSourcesBuildPhase;
			buildActionMask = 2147483647;
			files = (
			);
			runOnlyForDeploymentPostprocessing = 0;
		};
		14B9907A2E406DD70079D6B4 /* Sources */ = {
			isa = PBXSourcesBuildPhase;
			buildActionMask = 2147483647;
			files = (
			);
			runOnlyForDeploymentPostprocessing = 0;
		};
		14B990842E406DD70079D6B4 /* Sources */ = {
			isa = PBXSourcesBuildPhase;
			buildActionMask = 2147483647;
			files = (
			);
			runOnlyForDeploymentPostprocessing = 0;
		};
/* End PBXSourcesBuildPhase section */

/* Begin PBXTargetDependency section */
		14B990802E406DD70079D6B4 /* PBXTargetDependency */ = {
			isa = PBXTargetDependency;
			target = 14B990672E406DD70079D6B4 /* Personality__Practice */;
			targetProxy = 14B9907F2E406DD70079D6B4 /* PBXContainerItemProxy */;
		};
		14B9908A2E406DD70079D6B4 /* PBXTargetDependency */ = {
			isa = PBXTargetDependency;
			target = 14B990672E406DD70079D6B4 /* Personality__Practice */;
			targetProxy = 14B990892E406DD70079D6B4 /* PBXContainerItemProxy */;
		};
/* End PBXTargetDependency section */

/* Begin XCBuildConfiguration section */
		14B990922E406DD70079D6B4 /* Debug */ = {
			isa = XCBuildConfiguration;
			buildSettings = {
				ASSETCATALOG_COMPILER_APPICON_NAME = AppIcon;
				ASSETCATALOG_COMPILER_GLOBAL_ACCENT_COLOR_NAME = AccentColor;
				CODE_SIGN_STYLE = Automatic;
				CURRENT_PROJECT_VERSION = 1;
				DEVELOPMENT_TEAM = TZCAB9NXXT;
				GENERATE_INFOPLIST_FILE = YES;
				INFOPLIST_FILE = Personality__Practice/Info.plist;
				INFOPLIST_KEY_UIApplicationSupportsIndirectInputEvents = YES;
				INFOPLIST_KEY_UILaunchStoryboardName = LaunchScreen;
				INFOPLIST_KEY_UIMainStoryboardFile = Main;
				INFOPLIST_KEY_UISupportedInterfaceOrientations_iPad = "UIInterfaceOrientationPortrait UIInterfaceOrientationPortraitUpsideDown UIInterfaceOrientationLandscapeLeft UIInterfaceOrientationLandscapeRight";
				INFOPLIST_KEY_UISupportedInterfaceOrientations_iPhone = "UIInterfaceOrientationPortrait UIInterfaceOrientationLandscapeLeft UIInterfaceOrientationLandscapeRight";
				LD_RUNPATH_SEARCH_PATHS = (
					"$(inherited)",
					"@executable_path/Frameworks",
				);
				MARKETING_VERSION = 1.0;
				PRODUCT_BUNDLE_IDENTIFIER = "Anmol.Personality--Practice";
				PRODUCT_NAME = "$(TARGET_NAME)";
				SWIFT_EMIT_LOC_STRINGS = YES;
				SWIFT_VERSION = 5.0;
				TARGETED_DEVICE_FAMILY = "1,2";
			};
			name = Debug;
		};
		14B990932E406DD70079D6B4 /* Release */ = {
			isa = XCBuildConfiguration;
			buildSettings = {
				ASSETCATALOG_COMPILER_APPICON_NAME = AppIcon;
				ASSETCATALOG_COMPILER_GLOBAL_ACCENT_COLOR_NAME = AccentColor;
				CODE_SIGN_STYLE = Automatic;
				CURRENT_PROJECT_VERSION = 1;
				DEVELOPMENT_TEAM = TZCAB9NXXT;
				GENERATE_INFOPLIST_FILE = YES;
				INFOPLIST_FILE = Personality__Practice/Info.plist;
				INFOPLIST_KEY_UIApplicationSupportsIndirectInputEvents = YES;
				INFOPLIST_KEY_UILaunchStoryboardName = LaunchScreen;
				INFOPLIST_KEY_UIMainStoryboardFile = Main;
				INFOPLIST_KEY_UISupportedInterfaceOrientations_iPad = "UIInterfaceOrientationPortrait UIInterfaceOrientationPortraitUpsideDown UIInterfaceOrientationLandscapeLeft UIInterfaceOrientationLandscapeRight";
				INFOPLIST_KEY_UISupportedInterfaceOrientations_iPhone = "UIInterfaceOrientationPortrait UIInterfaceOrientationLandscapeLeft UIInterfaceOrientationLandscapeRight";
				LD_RUNPATH_SEARCH_PATHS = (
					"$(inherited)",
					"@executable_path/Frameworks",
				);
				MARKETING_VERSION = 1.0;
				PRODUCT_BUNDLE_IDENTIFIER = "Anmol.Personality--Practice";
				PRODUCT_NAME = "$(TARGET_NAME)";
				SWIFT_EMIT_LOC_STRINGS = YES;
				SWIFT_VERSION = 5.0;
				TARGETED_DEVICE_FAMILY = "1,2";
			};
			name = Release;
		};
		14B990942E406DD70079D6B4 /* Debug */ = {
			isa = XCBuildConfiguration;
			buildSettings = {
				ALWAYS_SEARCH_USER_PATHS = NO;
				ASSETCATALOG_COMPILER_GENERATE_SWIFT_ASSET_SYMBOL_EXTENSIONS = YES;
				CLANG_ANALYZER_NONNULL = YES;
				CLANG_ANALYZER_NUMBER_OBJECT_CONVERSION = YES_AGGRESSIVE;
				CLANG_CXX_LANGUAGE_STANDARD = "gnu++20";
				CLANG_ENABLE_MODULES = YES;
				CLANG_ENABLE_OBJC_ARC = YES;
				CLANG_ENABLE_OBJC_WEAK = YES;
				CLANG_WARN_BLOCK_CAPTURE_AUTORELEASING = YES;
				CLANG_WARN_BOOL_CONVERSION = YES;
				CLANG_WARN_COMMA = YES;
				CLANG_WARN_CONSTANT_CONVERSION = YES;
				CLANG_WARN_DEPRECATED_OBJC_IMPLEMENTATIONS = YES;
				CLANG_WARN_DIRECT_OBJC_ISA_USAGE = YES_ERROR;
				CLANG_WARN_DOCUMENTATION_COMMENTS = YES;
				CLANG_WARN_EMPTY_BODY = YES;
				CLANG_WARN_ENUM_CONVERSION = YES;
				CLANG_WARN_INFINITE_RECURSION = YES;
				CLANG_WARN_INT_CONVERSION = YES;
				CLANG_WARN_NON_LITERAL_NULL_CONVERSION = YES;
				CLANG_WARN_OBJC_IMPLICIT_RETAIN_SELF = YES;
				CLANG_WARN_OBJC_LITERAL_CONVERSION = YES;
				CLANG_WARN_OBJC_ROOT_CLASS = YES_ERROR;
				CLANG_WARN_QUOTED_INCLUDE_IN_FRAMEWORK_HEADER = YES;
				CLANG_WARN_RANGE_LOOP_ANALYSIS = YES;
				CLANG_WARN_STRICT_PROTOTYPES = YES;
				CLANG_WARN_SUSPICIOUS_MOVE = YES;
				CLANG_WARN_UNGUARDED_AVAILABILITY = YES_AGGRESSIVE;
				CLANG_WARN_UNREACHABLE_CODE = YES;
				CLANG_WARN__DUPLICATE_METHOD_MATCH = YES;
				COPY_PHASE_STRIP = NO;
				DEBUG_INFORMATION_FORMAT = dwarf;
				DEVELOPMENT_TEAM = TZCAB9NXXT;
				ENABLE_STRICT_OBJC_MSGSEND = YES;
				ENABLE_TESTABILITY = YES;
				ENABLE_USER_SCRIPT_SANDBOXING = YES;
				GCC_C_LANGUAGE_STANDARD = gnu17;
				GCC_DYNAMIC_NO_PIC = NO;
				GCC_NO_COMMON_BLOCKS = YES;
				GCC_OPTIMIZATION_LEVEL = 0;
				GCC_PREPROCESSOR_DEFINITIONS = (
					"DEBUG=1",
					"$(inherited)",
				);
				GCC_WARN_64_TO_32_BIT_CONVERSION = YES;
				GCC_WARN_ABOUT_RETURN_TYPE = YES_ERROR;
				GCC_WARN_UNDECLARED_SELECTOR = YES;
				GCC_WARN_UNINITIALIZED_AUTOS = YES_AGGRESSIVE;
				GCC_WARN_UNUSED_FUNCTION = YES;
				GCC_WARN_UNUSED_VARIABLE = YES;
				IPHONEOS_DEPLOYMENT_TARGET = 18.5;
				LOCALIZATION_PREFERS_STRING_CATALOGS = YES;
				MTL_ENABLE_DEBUG_INFO = INCLUDE_SOURCE;
				MTL_FAST_MATH = YES;
				ONLY_ACTIVE_ARCH = YES;
				SDKROOT = iphoneos;
				SWIFT_ACTIVE_COMPILATION_CONDITIONS = "DEBUG $(inherited)";
				SWIFT_OPTIMIZATION_LEVEL = "-Onone";
			};
			name = Debug;
		};
		14B990952E406DD70079D6B4 /* Release */ = {
			isa = XCBuildConfiguration;
			buildSettings = {
				ALWAYS_SEARCH_USER_PATHS = NO;
				ASSETCATALOG_COMPILER_GENERATE_SWIFT_ASSET_SYMBOL_EXTENSIONS = YES;
				CLANG_ANALYZER_NONNULL = YES;
				CLANG_ANALYZER_NUMBER_OBJECT_CONVERSION = YES_AGGRESSIVE;
				CLANG_CXX_LANGUAGE_STANDARD = "gnu++20";
				CLANG_ENABLE_MODULES = YES;
				CLANG_ENABLE_OBJC_ARC = YES;
				CLANG_ENABLE_OBJC_WEAK = YES;
				CLANG_WARN_BLOCK_CAPTURE_AUTORELEASING = YES;
				CLANG_WARN_BOOL_CONVERSION = YES;
				CLANG_WARN_COMMA = YES;
				CLANG_WARN_CONSTANT_CONVERSION = YES;
				CLANG_WARN_DEPRECATED_OBJC_IMPLEMENTATIONS = YES;
				CLANG_WARN_DIRECT_OBJC_ISA_USAGE = YES_ERROR;
				CLANG_WARN_DOCUMENTATION_COMMENTS = YES;
				CLANG_WARN_EMPTY_BODY = YES;
				CLANG_WARN_ENUM_CONVERSION = YES;
				CLANG_WARN_INFINITE_RECURSION = YES;
				CLANG_WARN_INT_CONVERSION = YES;
				CLANG_WARN_NON_LITERAL_NULL_CONVERSION = YES;
				CLANG_WARN_OBJC_IMPLICIT_RETAIN_SELF = YES;
				CLANG_WARN_OBJC_LITERAL_CONVERSION = YES;
				CLANG_WARN_OBJC_ROOT_CLASS = YES_ERROR;
				CLANG_WARN_QUOTED_INCLUDE_IN_FRAMEWORK_HEADER = YES;
				CLANG_WARN_RANGE_LOOP_ANALYSIS = YES;
				CLANG_WARN_STRICT_PROTOTYPES = YES;
				CLANG_WARN_SUSPICIOUS_MOVE = YES;
				CLANG_WARN_UNGUARDED_AVAILABILITY = YES_AGGRESSIVE;
				CLANG_WARN_UNREACHABLE_CODE = YES;
				CLANG_WARN__DUPLICATE_METHOD_MATCH = YES;
				COPY_PHASE_STRIP = NO;
				DEBUG_INFORMATION_FORMAT = "dwarf-with-dsym";
				DEVELOPMENT_TEAM = TZCAB9NXXT;
				ENABLE_NS_ASSERTIONS = NO;
				ENABLE_STRICT_OBJC_MSGSEND = YES;
				ENABLE_USER_SCRIPT_SANDBOXING = YES;
				GCC_C_LANGUAGE_STANDARD = gnu17;
				GCC_NO_COMMON_BLOCKS = YES;
				GCC_WARN_64_TO_32_BIT_CONVERSION = YES;
				GCC_WARN_ABOUT_RETURN_TYPE = YES_ERROR;
				GCC_WARN_UNDECLARED_SELECTOR = YES;
				GCC_WARN_UNINITIALIZED_AUTOS = YES_AGGRESSIVE;
				GCC_WARN_UNUSED_FUNCTION = YES;
				GCC_WARN_UNUSED_VARIABLE = YES;
				IPHONEOS_DEPLOYMENT_TARGET = 18.5;
				LOCALIZATION_PREFERS_STRING_CATALOGS = YES;
				MTL_ENABLE_DEBUG_INFO = NO;
				MTL_FAST_MATH = YES;
				SDKROOT = iphoneos;
				SWIFT_COMPILATION_MODE = wholemodule;
				VALIDATE_PRODUCT = YES;
			};
			name = Release;
		};
		14B990972E406DD70079D6B4 /* Debug */ = {
			isa = XCBuildConfiguration;
			buildSettings = {
				BUNDLE_LOADER = "$(TEST_HOST)";
				CODE_SIGN_STYLE = Automatic;
				CURRENT_PROJECT_VERSION = 1;
				DEVELOPMENT_TEAM = TZCAB9NXXT;
				GENERATE_INFOPLIST_FILE = YES;
				IPHONEOS_DEPLOYMENT_TARGET = 18.5;
				MARKETING_VERSION = 1.0;
				PRODUCT_BUNDLE_IDENTIFIER = "Anmol.Personality--PracticeTests";
				PRODUCT_NAME = "$(TARGET_NAME)";
				SWIFT_EMIT_LOC_STRINGS = NO;
				SWIFT_VERSION = 5.0;
				TARGETED_DEVICE_FAMILY = "1,2";
				TEST_HOST = "$(BUILT_PRODUCTS_DIR)/Personality__Practice.app/$(BUNDLE_EXECUTABLE_FOLDER_PATH)/Personality__Practice";
			};
			name = Debug;
		};
		14B990982E406DD70079D6B4 /* Release */ = {
			isa = XCBuildConfiguration;
			buildSettings = {
				BUNDLE_LOADER = "$(TEST_HOST)";
				CODE_SIGN_STYLE = Automatic;
				CURRENT_PROJECT_VERSION = 1;
				DEVELOPMENT_TEAM = TZCAB9NXXT;
				GENERATE_INFOPLIST_FILE = YES;
				IPHONEOS_DEPLOYMENT_TARGET = 18.5;
				MARKETING_VERSION = 1.0;
				PRODUCT_BUNDLE_IDENTIFIER = "Anmol.Personality--PracticeTests";
				PRODUCT_NAME = "$(TARGET_NAME)";
				SWIFT_EMIT_LOC_STRINGS = NO;
				SWIFT_VERSION = 5.0;
				TARGETED_DEVICE_FAMILY = "1,2";
				TEST_HOST = "$(BUILT_PRODUCTS_DIR)/Personality__Practice.app/$(BUNDLE_EXECUTABLE_FOLDER_PATH)/Personality__Practice";
			};
			name = Release;
		};
		14B9909A2E406DD70079D6B4 /* Debug */ = {
			isa = XCBuildConfiguration;
			buildSettings = {
				CODE_SIGN_STYLE = Automatic;
				CURRENT_PROJECT_VERSION = 1;
				DEVELOPMENT_TEAM = TZCAB9NXXT;
				GENERATE_INFOPLIST_FILE = YES;
				MARKETING_VERSION = 1.0;
				PRODUCT_BUNDLE_IDENTIFIER = "Anmol.Personality--PracticeUITests";
				PRODUCT_NAME = "$(TARGET_NAME)";
				SWIFT_EMIT_LOC_STRINGS = NO;
				SWIFT_VERSION = 5.0;
				TARGETED_DEVICE_FAMILY = "1,2";
				TEST_TARGET_NAME = Personality__Practice;
			};
			name = Debug;
		};
		14B9909B2E406DD70079D6B4 /* Release */ = {
			isa = XCBuildConfiguration;
			buildSettings = {
				CODE_SIGN_STYLE = Automatic;
				CURRENT_PROJECT_VERSION = 1;
				DEVELOPMENT_TEAM = TZCAB9NXXT;
				GENERATE_INFOPLIST_FILE = YES;
				MARKETING_VERSION = 1.0;
				PRODUCT_BUNDLE_IDENTIFIER = "Anmol.Personality--PracticeUITests";
				PRODUCT_NAME = "$(TARGET_NAME)";
				SWIFT_EMIT_LOC_STRINGS = NO;
				SWIFT_VERSION = 5.0;
				TARGETED_DEVICE_FAMILY = "1,2";
				TEST_TARGET_NAME = Personality__Practice;
			};
			name = Release;
		};
/* End XCBuildConfiguration section */

/* Begin XCConfigurationList section */
		14B990632E406DD70079D6B4 /* Build configuration list for PBXProject "Personality__Practice" */ = {
			isa = XCConfigurationList;
			buildConfigurations = (
				14B990942E406DD70079D6B4 /* Debug */,
				14B990952E406DD70079D6B4 /* Release */,
			);
			defaultConfigurationIsVisible = 0;
			defaultConfigurationName = Release;
		};
		14B990912E406DD70079D6B4 /* Build configuration list for PBXNativeTarget "Personality__Practice" */ = {
			isa = XCConfigurationList;
			buildConfigurations = (
				14B990922E406DD70079D6B4 /* Debug */,
				14B990932E406DD70079D6B4 /* Release */,
			);
			defaultConfigurationIsVisible = 0;
			defaultConfigurationName = Release;
		};
		14B990962E406DD70079D6B4 /* Build configuration list for PBXNativeTarget "Personality__PracticeTests" */ = {
			isa = XCConfigurationList;
			buildConfigurations = (
				14B990972E406DD70079D6B4 /* Debug */,
				14B990982E406DD70079D6B4 /* Release */,
			);
			defaultConfigurationIsVisible = 0;
			defaultConfigurationName = Release;
		};
		14B990992E406DD70079D6B4 /* Build configuration list for PBXNativeTarget "Personality__PracticeUITests" */ = {
			isa = XCConfigurationList;
			buildConfigurations = (
				14B9909A2E406DD70079D6B4 /* Debug */,
				14B9909B2E406DD70079D6B4 /* Release */,
			);
			defaultConfigurationIsVisible = 0;
			defaultConfigurationName = Release;
		};
/* End XCConfigurationList section */
	};
	rootObject = 14B990602E406DD70079D6B4 /* Project object */;
}
