// !$*UTF8*$!
{
	archiveVersion = 1;
	classes = {
	};
	objectVersion = 77;
	objects = {

/* Begin PBXContainerItemProxy section */
		14AEBE772E2DFD1100126072 /* PBXContainerItemProxy */ = {
			isa = PBXContainerItemProxy;
			containerPortal = 14AEBE582E2DFD1000126072 /* Project object */;
			proxyType = 1;
			remoteGlobalIDString = 14AEBE5F2E2DFD1000126072;
			remoteInfo = Tab_Bar_Navigation_Practice;
		};
		14AEBE812E2DFD1100126072 /* PBXContainerItemProxy */ = {
			isa = PBXContainerItemProxy;
			containerPortal = 14AEBE582E2DFD1000126072 /* Project object */;
			proxyType = 1;
			remoteGlobalIDString = 14AEBE5F2E2DFD1000126072;
			remoteInfo = Tab_Bar_Navigation_Practice;
		};
/* End PBXContainerItemProxy section */

/* Begin PBXFileReference section */
		14AEBE602E2DFD1000126072 /* Tab_Bar_Navigation_Practice.app */ = {isa = PBXFileReference; explicitFileType = wrapper.application; includeInIndex = 0; path = Tab_Bar_Navigation_Practice.app; sourceTree = BUILT_PRODUCTS_DIR; };
		14AEBE762E2DFD1100126072 /* Tab_Bar_Navigation_PracticeTests.xctest */ = {isa = PBXFileReference; explicitFileType = wrapper.cfbundle; includeInIndex = 0; path = Tab_Bar_Navigation_PracticeTests.xctest; sourceTree = BUILT_PRODUCTS_DIR; };
		14AEBE802E2DFD1100126072 /* Tab_Bar_Navigation_PracticeUITests.xctest */ = {isa = PBXFileReference; explicitFileType = wrapper.cfbundle; includeInIndex = 0; path = Tab_Bar_Navigation_PracticeUITests.xctest; sourceTree = BUILT_PRODUCTS_DIR; };
/* End PBXFileReference section */

/* Begin PBXFileSystemSynchronizedBuildFileExceptionSet section */
		14AEBE882E2DFD1100126072 /* Exceptions for "Tab_Bar_Navigation_Practice" folder in "Tab_Bar_Navigation_Practice" target */ = {
			isa = PBXFileSystemSynchronizedBuildFileExceptionSet;
			membershipExceptions = (
				Info.plist,
			);
			target = 14AEBE5F2E2DFD1000126072 /* Tab_Bar_Navigation_Practice */;
		};
/* End PBXFileSystemSynchronizedBuildFileExceptionSet section */

/* Begin PBXFileSystemSynchronizedRootGroup section */
		14AEBE622E2DFD1000126072 /* Tab_Bar_Navigation_Practice */ = {
			isa = PBXFileSystemSynchronizedRootGroup;
			exceptions = (
				14AEBE882E2DFD1100126072 /* Exceptions for "Tab_Bar_Navigation_Practice" folder in "Tab_Bar_Navigation_Practice" target */,
			);
			path = Tab_Bar_Navigation_Practice;
			sourceTree = "<group>";
		};
		14AEBE792E2DFD1100126072 /* Tab_Bar_Navigation_PracticeTests */ = {
			isa = PBXFileSystemSynchronizedRootGroup;
			path = Tab_Bar_Navigation_PracticeTests;
			sourceTree = "<group>";
		};
		14AEBE832E2DFD1100126072 /* Tab_Bar_Navigation_PracticeUITests */ = {
			isa = PBXFileSystemSynchronizedRootGroup;
			path = Tab_Bar_Navigation_PracticeUITests;
			sourceTree = "<group>";
		};
/* End PBXFileSystemSynchronizedRootGroup section */

/* Begin PBXFrameworksBuildPhase section */
		14AEBE5D2E2DFD1000126072 /* Frameworks */ = {
			isa = PBXFrameworksBuildPhase;
			buildActionMask = 2147483647;
			files = (
			);
			runOnlyForDeploymentPostprocessing = 0;
		};
		14AEBE732E2DFD1100126072 /* Frameworks */ = {
			isa = PBXFrameworksBuildPhase;
			buildActionMask = 2147483647;
			files = (
			);
			runOnlyForDeploymentPostprocessing = 0;
		};
		14AEBE7D2E2DFD1100126072 /* Frameworks */ = {
			isa = PBXFrameworksBuildPhase;
			buildActionMask = 2147483647;
			files = (
			);
			runOnlyForDeploymentPostprocessing = 0;
		};
/* End PBXFrameworksBuildPhase section */

/* Begin PBXGroup section */
		14AEBE572E2DFD1000126072 = {
			isa = PBXGroup;
			children = (
				14AEBE622E2DFD1000126072 /* Tab_Bar_Navigation_Practice */,
				14AEBE792E2DFD1100126072 /* Tab_Bar_Navigation_PracticeTests */,
				14AEBE832E2DFD1100126072 /* Tab_Bar_Navigation_PracticeUITests */,
				14AEBE612E2DFD1000126072 /* Products */,
			);
			sourceTree = "<group>";
		};
		14AEBE612E2DFD1000126072 /* Products */ = {
			isa = PBXGroup;
			children = (
				14AEBE602E2DFD1000126072 /* Tab_Bar_Navigation_Practice.app */,
				14AEBE762E2DFD1100126072 /* Tab_Bar_Navigation_PracticeTests.xctest */,
				14AEBE802E2DFD1100126072 /* Tab_Bar_Navigation_PracticeUITests.xctest */,
			);
			name = Products;
			sourceTree = "<group>";
		};
/* End PBXGroup section */

/* Begin PBXNativeTarget section */
		14AEBE5F2E2DFD1000126072 /* Tab_Bar_Navigation_Practice */ = {
			isa = PBXNativeTarget;
			buildConfigurationList = 14AEBE892E2DFD1100126072 /* Build configuration list for PBXNativeTarget "Tab_Bar_Navigation_Practice" */;
			buildPhases = (
				14AEBE5C2E2DFD1000126072 /* Sources */,
				14AEBE5D2E2DFD1000126072 /* Frameworks */,
				14AEBE5E2E2DFD1000126072 /* Resources */,
			);
			buildRules = (
			);
			dependencies = (
			);
			fileSystemSynchronizedGroups = (
				14AEBE622E2DFD1000126072 /* Tab_Bar_Navigation_Practice */,
			);
			name = Tab_Bar_Navigation_Practice;
			packageProductDependencies = (
			);
			productName = Tab_Bar_Navigation_Practice;
			productReference = 14AEBE602E2DFD1000126072 /* Tab_Bar_Navigation_Practice.app */;
			productType = "com.apple.product-type.application";
		};
		14AEBE752E2DFD1100126072 /* Tab_Bar_Navigation_PracticeTests */ = {
			isa = PBXNativeTarget;
			buildConfigurationList = 14AEBE8E2E2DFD1100126072 /* Build configuration list for PBXNativeTarget "Tab_Bar_Navigation_PracticeTests" */;
			buildPhases = (
				14AEBE722E2DFD1100126072 /* Sources */,
				14AEBE732E2DFD1100126072 /* Frameworks */,
				14AEBE742E2DFD1100126072 /* Resources */,
			);
			buildRules = (
			);
			dependencies = (
				14AEBE782E2DFD1100126072 /* PBXTargetDependency */,
			);
			fileSystemSynchronizedGroups = (
				14AEBE792E2DFD1100126072 /* Tab_Bar_Navigation_PracticeTests */,
			);
			name = Tab_Bar_Navigation_PracticeTests;
			packageProductDependencies = (
			);
			productName = Tab_Bar_Navigation_PracticeTests;
			productReference = 14AEBE762E2DFD1100126072 /* Tab_Bar_Navigation_PracticeTests.xctest */;
			productType = "com.apple.product-type.bundle.unit-test";
		};
		14AEBE7F2E2DFD1100126072 /* Tab_Bar_Navigation_PracticeUITests */ = {
			isa = PBXNativeTarget;
			buildConfigurationList = 14AEBE912E2DFD1100126072 /* Build configuration list for PBXNativeTarget "Tab_Bar_Navigation_PracticeUITests" */;
			buildPhases = (
				14AEBE7C2E2DFD1100126072 /* Sources */,
				14AEBE7D2E2DFD1100126072 /* Frameworks */,
				14AEBE7E2E2DFD1100126072 /* Resources */,
			);
			buildRules = (
			);
			dependencies = (
				14AEBE822E2DFD1100126072 /* PBXTargetDependency */,
			);
			fileSystemSynchronizedGroups = (
				14AEBE832E2DFD1100126072 /* Tab_Bar_Navigation_PracticeUITests */,
			);
			name = Tab_Bar_Navigation_PracticeUITests;
			packageProductDependencies = (
			);
			productName = Tab_Bar_Navigation_PracticeUITests;
			productReference = 14AEBE802E2DFD1100126072 /* Tab_Bar_Navigation_PracticeUITests.xctest */;
			productType = "com.apple.product-type.bundle.ui-testing";
		};
/* End PBXNativeTarget section */

/* Begin PBXProject section */
		14AEBE582E2DFD1000126072 /* Project object */ = {
			isa = PBXProject;
			attributes = {
				BuildIndependentTargetsInParallel = 1;
				LastSwiftUpdateCheck = 1640;
				LastUpgradeCheck = 1640;
				TargetAttributes = {
					14AEBE5F2E2DFD1000126072 = {
						CreatedOnToolsVersion = 16.4;
					};
					14AEBE752E2DFD1100126072 = {
						CreatedOnToolsVersion = 16.4;
						TestTargetID = 14AEBE5F2E2DFD1000126072;
					};
					14AEBE7F2E2DFD1100126072 = {
						CreatedOnToolsVersion = 16.4;
						TestTargetID = 14AEBE5F2E2DFD1000126072;
					};
				};
			};
			buildConfigurationList = 14AEBE5B2E2DFD1000126072 /* Build configuration list for PBXProject "Tab_Bar_Navigation_Practice" */;
			developmentRegion = en;
			hasScannedForEncodings = 0;
			knownRegions = (
				en,
				Base,
			);
			mainGroup = 14AEBE572E2DFD1000126072;
			minimizedProjectReferenceProxies = 1;
			preferredProjectObjectVersion = 77;
			productRefGroup = 14AEBE612E2DFD1000126072 /* Products */;
			projectDirPath = "";
			projectRoot = "";
			targets = (
				14AEBE5F2E2DFD1000126072 /* Tab_Bar_Navigation_Practice */,
				14AEBE752E2DFD1100126072 /* Tab_Bar_Navigation_PracticeTests */,
				14AEBE7F2E2DFD1100126072 /* Tab_Bar_Navigation_PracticeUITests */,
			);
		};
/* End PBXProject section */

/* Begin PBXResourcesBuildPhase section */
		14AEBE5E2E2DFD1000126072 /* Resources */ = {
			isa = PBXResourcesBuildPhase;
			buildActionMask = 2147483647;
			files = (
			);
			runOnlyForDeploymentPostprocessing = 0;
		};
		14AEBE742E2DFD1100126072 /* Resources */ = {
			isa = PBXResourcesBuildPhase;
			buildActionMask = 2147483647;
			files = (
			);
			runOnlyForDeploymentPostprocessing = 0;
		};
		14AEBE7E2E2DFD1100126072 /* Resources */ = {
			isa = PBXResourcesBuildPhase;
			buildActionMask = 2147483647;
			files = (
			);
			runOnlyForDeploymentPostprocessing = 0;
		};
/* End PBXResourcesBuildPhase section */

/* Begin PBXSourcesBuildPhase section */
		14AEBE5C2E2DFD1000126072 /* Sources */ = {
			isa = PBXSourcesBuildPhase;
			buildActionMask = 2147483647;
			files = (
			);
			runOnlyForDeploymentPostprocessing = 0;
		};
		14AEBE722E2DFD1100126072 /* Sources */ = {
			isa = PBXSourcesBuildPhase;
			buildActionMask = 2147483647;
			files = (
			);
			runOnlyForDeploymentPostprocessing = 0;
		};
		14AEBE7C2E2DFD1100126072 /* Sources */ = {
			isa = PBXSourcesBuildPhase;
			buildActionMask = 2147483647;
			files = (
			);
			runOnlyForDeploymentPostprocessing = 0;
		};
/* End PBXSourcesBuildPhase section */

/* Begin PBXTargetDependency section */
		14AEBE782E2DFD1100126072 /* PBXTargetDependency */ = {
			isa = PBXTargetDependency;
			target = 14AEBE5F2E2DFD1000126072 /* Tab_Bar_Navigation_Practice */;
			targetProxy = 14AEBE772E2DFD1100126072 /* PBXContainerItemProxy */;
		};
		14AEBE822E2DFD1100126072 /* PBXTargetDependency */ = {
			isa = PBXTargetDependency;
			target = 14AEBE5F2E2DFD1000126072 /* Tab_Bar_Navigation_Practice */;
			targetProxy = 14AEBE812E2DFD1100126072 /* PBXContainerItemProxy */;
		};
/* End PBXTargetDependency section */

/* Begin XCBuildConfiguration section */
		14AEBE8A2E2DFD1100126072 /* Debug */ = {
			isa = XCBuildConfiguration;
			buildSettings = {
				ASSETCATALOG_COMPILER_APPICON_NAME = AppIcon;
				ASSETCATALOG_COMPILER_GLOBAL_ACCENT_COLOR_NAME = AccentColor;
				CODE_SIGN_STYLE = Automatic;
				CURRENT_PROJECT_VERSION = 1;
				DEVELOPMENT_TEAM = TZCAB9NXXT;
				GENERATE_INFOPLIST_FILE = YES;
				INFOPLIST_FILE = Tab_Bar_Navigation_Practice/Info.plist;
				INFOPLIST_KEY_UIApplicationSupportsIndirectInputEvents = YES;
				INFOPLIST_KEY_UILaunchStoryboardName = LaunchScreen;
				INFOPLIST_KEY_UIMainStoryboardFile = Main;
				INFOPLIST_KEY_UISupportedInterfaceOrientations_iPad = "UIInterfaceOrientationPortrait UIInterfaceOrientationPortraitUpsideDown UIInterfaceOrientationLandscapeLeft UIInterfaceOrientationLandscapeRight";
				INFOPLIST_KEY_UISupportedInterfaceOrientations_iPhone = "UIInterfaceOrientationPortrait UIInterfaceOrientationLandscapeLeft UIInterfaceOrientationLandscapeRight";
				LD_RUNPATH_SEARCH_PATHS = (
					"$(inherited)",
					"@executable_path/Frameworks",
				);
				MARKETING_VERSION = 1.0;
				PRODUCT_BUNDLE_IDENTIFIER = "Anmol.Tab-Bar-Navigation-Practice";
				PRODUCT_NAME = "$(TARGET_NAME)";
				SWIFT_EMIT_LOC_STRINGS = YES;
				SWIFT_VERSION = 5.0;
				TARGETED_DEVICE_FAMILY = "1,2";
			};
			name = Debug;
		};
		14AEBE8B2E2DFD1100126072 /* Release */ = {
			isa = XCBuildConfiguration;
			buildSettings = {
				ASSETCATALOG_COMPILER_APPICON_NAME = AppIcon;
				ASSETCATALOG_COMPILER_GLOBAL_ACCENT_COLOR_NAME = AccentColor;
				CODE_SIGN_STYLE = Automatic;
				CURRENT_PROJECT_VERSION = 1;
				DEVELOPMENT_TEAM = TZCAB9NXXT;
				GENERATE_INFOPLIST_FILE = YES;
				INFOPLIST_FILE = Tab_Bar_Navigation_Practice/Info.plist;
				INFOPLIST_KEY_UIApplicationSupportsIndirectInputEvents = YES;
				INFOPLIST_KEY_UILaunchStoryboardName = LaunchScreen;
				INFOPLIST_KEY_UIMainStoryboardFile = Main;
				INFOPLIST_KEY_UISupportedInterfaceOrientations_iPad = "UIInterfaceOrientationPortrait UIInterfaceOrientationPortraitUpsideDown UIInterfaceOrientationLandscapeLeft UIInterfaceOrientationLandscapeRight";
				INFOPLIST_KEY_UISupportedInterfaceOrientations_iPhone = "UIInterfaceOrientationPortrait UIInterfaceOrientationLandscapeLeft UIInterfaceOrientationLandscapeRight";
				LD_RUNPATH_SEARCH_PATHS = (
					"$(inherited)",
					"@executable_path/Frameworks",
				);
				MARKETING_VERSION = 1.0;
				PRODUCT_BUNDLE_IDENTIFIER = "Anmol.Tab-Bar-Navigation-Practice";
				PRODUCT_NAME = "$(TARGET_NAME)";
				SWIFT_EMIT_LOC_STRINGS = YES;
				SWIFT_VERSION = 5.0;
				TARGETED_DEVICE_FAMILY = "1,2";
			};
			name = Release;
		};
		14AEBE8C2E2DFD1100126072 /* Debug */ = {
			isa = XCBuildConfiguration;
			buildSettings = {
				ALWAYS_SEARCH_USER_PATHS = NO;
				ASSETCATALOG_COMPILER_GENERATE_SWIFT_ASSET_SYMBOL_EXTENSIONS = YES;
				CLANG_ANALYZER_NONNULL = YES;
				CLANG_ANALYZER_NUMBER_OBJECT_CONVERSION = YES_AGGRESSIVE;
				CLANG_CXX_LANGUAGE_STANDARD = "gnu++20";
				CLANG_ENABLE_MODULES = YES;
				CLANG_ENABLE_OBJC_ARC = YES;
				CLANG_ENABLE_OBJC_WEAK = YES;
				CLANG_WARN_BLOCK_CAPTURE_AUTORELEASING = YES;
				CLANG_WARN_BOOL_CONVERSION = YES;
				CLANG_WARN_COMMA = YES;
				CLANG_WARN_CONSTANT_CONVERSION = YES;
				CLANG_WARN_DEPRECATED_OBJC_IMPLEMENTATIONS = YES;
				CLANG_WARN_DIRECT_OBJC_ISA_USAGE = YES_ERROR;
				CLANG_WARN_DOCUMENTATION_COMMENTS = YES;
				CLANG_WARN_EMPTY_BODY = YES;
				CLANG_WARN_ENUM_CONVERSION = YES;
				CLANG_WARN_INFINITE_RECURSION = YES;
				CLANG_WARN_INT_CONVERSION = YES;
				CLANG_WARN_NON_LITERAL_NULL_CONVERSION = YES;
				CLANG_WARN_OBJC_IMPLICIT_RETAIN_SELF = YES;
				CLANG_WARN_OBJC_LITERAL_CONVERSION = YES;
				CLANG_WARN_OBJC_ROOT_CLASS = YES_ERROR;
				CLANG_WARN_QUOTED_INCLUDE_IN_FRAMEWORK_HEADER = YES;
				CLANG_WARN_RANGE_LOOP_ANALYSIS = YES;
				CLANG_WARN_STRICT_PROTOTYPES = YES;
				CLANG_WARN_SUSPICIOUS_MOVE = YES;
				CLANG_WARN_UNGUARDED_AVAILABILITY = YES_AGGRESSIVE;
				CLANG_WARN_UNREACHABLE_CODE = YES;
				CLANG_WARN__DUPLICATE_METHOD_MATCH = YES;
				COPY_PHASE_STRIP = NO;
				DEBUG_INFORMATION_FORMAT = dwarf;
				DEVELOPMENT_TEAM = TZCAB9NXXT;
				ENABLE_STRICT_OBJC_MSGSEND = YES;
				ENABLE_TESTABILITY = YES;
				ENABLE_USER_SCRIPT_SANDBOXING = YES;
				GCC_C_LANGUAGE_STANDARD = gnu17;
				GCC_DYNAMIC_NO_PIC = NO;
				GCC_NO_COMMON_BLOCKS = YES;
				GCC_OPTIMIZATION_LEVEL = 0;
				GCC_PREPROCESSOR_DEFINITIONS = (
					"DEBUG=1",
					"$(inherited)",
				);
				GCC_WARN_64_TO_32_BIT_CONVERSION = YES;
				GCC_WARN_ABOUT_RETURN_TYPE = YES_ERROR;
				GCC_WARN_UNDECLARED_SELECTOR = YES;
				GCC_WARN_UNINITIALIZED_AUTOS = YES_AGGRESSIVE;
				GCC_WARN_UNUSED_FUNCTION = YES;
				GCC_WARN_UNUSED_VARIABLE = YES;
				IPHONEOS_DEPLOYMENT_TARGET = 18.5;
				LOCALIZATION_PREFERS_STRING_CATALOGS = YES;
				MTL_ENABLE_DEBUG_INFO = INCLUDE_SOURCE;
				MTL_FAST_MATH = YES;
				ONLY_ACTIVE_ARCH = YES;
				SDKROOT = iphoneos;
				SWIFT_ACTIVE_COMPILATION_CONDITIONS = "DEBUG $(inherited)";
				SWIFT_OPTIMIZATION_LEVEL = "-Onone";
			};
			name = Debug;
		};
		14AEBE8D2E2DFD1100126072 /* Release */ = {
			isa = XCBuildConfiguration;
			buildSettings = {
				ALWAYS_SEARCH_USER_PATHS = NO;
				ASSETCATALOG_COMPILER_GENERATE_SWIFT_ASSET_SYMBOL_EXTENSIONS = YES;
				CLANG_ANALYZER_NONNULL = YES;
				CLANG_ANALYZER_NUMBER_OBJECT_CONVERSION = YES_AGGRESSIVE;
				CLANG_CXX_LANGUAGE_STANDARD = "gnu++20";
				CLANG_ENABLE_MODULES = YES;
				CLANG_ENABLE_OBJC_ARC = YES;
				CLANG_ENABLE_OBJC_WEAK = YES;
				CLANG_WARN_BLOCK_CAPTURE_AUTORELEASING = YES;
				CLANG_WARN_BOOL_CONVERSION = YES;
				CLANG_WARN_COMMA = YES;
				CLANG_WARN_CONSTANT_CONVERSION = YES;
				CLANG_WARN_DEPRECATED_OBJC_IMPLEMENTATIONS = YES;
				CLANG_WARN_DIRECT_OBJC_ISA_USAGE = YES_ERROR;
				CLANG_WARN_DOCUMENTATION_COMMENTS = YES;
				CLANG_WARN_EMPTY_BODY = YES;
				CLANG_WARN_ENUM_CONVERSION = YES;
				CLANG_WARN_INFINITE_RECURSION = YES;
				CLANG_WARN_INT_CONVERSION = YES;
				CLANG_WARN_NON_LITERAL_NULL_CONVERSION = YES;
				CLANG_WARN_OBJC_IMPLICIT_RETAIN_SELF = YES;
				CLANG_WARN_OBJC_LITERAL_CONVERSION = YES;
				CLANG_WARN_OBJC_ROOT_CLASS = YES_ERROR;
				CLANG_WARN_QUOTED_INCLUDE_IN_FRAMEWORK_HEADER = YES;
				CLANG_WARN_RANGE_LOOP_ANALYSIS = YES;
				CLANG_WARN_STRICT_PROTOTYPES = YES;
				CLANG_WARN_SUSPICIOUS_MOVE = YES;
				CLANG_WARN_UNGUARDED_AVAILABILITY = YES_AGGRESSIVE;
				CLANG_WARN_UNREACHABLE_CODE = YES;
				CLANG_WARN__DUPLICATE_METHOD_MATCH = YES;
				COPY_PHASE_STRIP = NO;
				DEBUG_INFORMATION_FORMAT = "dwarf-with-dsym";
				DEVELOPMENT_TEAM = TZCAB9NXXT;
				ENABLE_NS_ASSERTIONS = NO;
				ENABLE_STRICT_OBJC_MSGSEND = YES;
				ENABLE_USER_SCRIPT_SANDBOXING = YES;
				GCC_C_LANGUAGE_STANDARD = gnu17;
				GCC_NO_COMMON_BLOCKS = YES;
				GCC_WARN_64_TO_32_BIT_CONVERSION = YES;
				GCC_WARN_ABOUT_RETURN_TYPE = YES_ERROR;
				GCC_WARN_UNDECLARED_SELECTOR = YES;
				GCC_WARN_UNINITIALIZED_AUTOS = YES_AGGRESSIVE;
				GCC_WARN_UNUSED_FUNCTION = YES;
				GCC_WARN_UNUSED_VARIABLE = YES;
				IPHONEOS_DEPLOYMENT_TARGET = 18.5;
				LOCALIZATION_PREFERS_STRING_CATALOGS = YES;
				MTL_ENABLE_DEBUG_INFO = NO;
				MTL_FAST_MATH = YES;
				SDKROOT = iphoneos;
				SWIFT_COMPILATION_MODE = wholemodule;
				VALIDATE_PRODUCT = YES;
			};
			name = Release;
		};
		14AEBE8F2E2DFD1100126072 /* Debug */ = {
			isa = XCBuildConfiguration;
			buildSettings = {
				BUNDLE_LOADER = "$(TEST_HOST)";
				CODE_SIGN_STYLE = Automatic;
				CURRENT_PROJECT_VERSION = 1;
				DEVELOPMENT_TEAM = TZCAB9NXXT;
				GENERATE_INFOPLIST_FILE = YES;
				IPHONEOS_DEPLOYMENT_TARGET = 18.5;
				MARKETING_VERSION = 1.0;
				PRODUCT_BUNDLE_IDENTIFIER = "Anmol.Tab-Bar-Navigation-PracticeTests";
				PRODUCT_NAME = "$(TARGET_NAME)";
				SWIFT_EMIT_LOC_STRINGS = NO;
				SWIFT_VERSION = 5.0;
				TARGETED_DEVICE_FAMILY = "1,2";
				TEST_HOST = "$(BUILT_PRODUCTS_DIR)/Tab_Bar_Navigation_Practice.app/$(BUNDLE_EXECUTABLE_FOLDER_PATH)/Tab_Bar_Navigation_Practice";
			};
			name = Debug;
		};
		14AEBE902E2DFD1100126072 /* Release */ = {
			isa = XCBuildConfiguration;
			buildSettings = {
				BUNDLE_LOADER = "$(TEST_HOST)";
				CODE_SIGN_STYLE = Automatic;
				CURRENT_PROJECT_VERSION = 1;
				DEVELOPMENT_TEAM = TZCAB9NXXT;
				GENERATE_INFOPLIST_FILE = YES;
				IPHONEOS_DEPLOYMENT_TARGET = 18.5;
				MARKETING_VERSION = 1.0;
				PRODUCT_BUNDLE_IDENTIFIER = "Anmol.Tab-Bar-Navigation-PracticeTests";
				PRODUCT_NAME = "$(TARGET_NAME)";
				SWIFT_EMIT_LOC_STRINGS = NO;
				SWIFT_VERSION = 5.0;
				TARGETED_DEVICE_FAMILY = "1,2";
				TEST_HOST = "$(BUILT_PRODUCTS_DIR)/Tab_Bar_Navigation_Practice.app/$(BUNDLE_EXECUTABLE_FOLDER_PATH)/Tab_Bar_Navigation_Practice";
			};
			name = Release;
		};
		14AEBE922E2DFD1100126072 /* Debug */ = {
			isa = XCBuildConfiguration;
			buildSettings = {
				CODE_SIGN_STYLE = Automatic;
				CURRENT_PROJECT_VERSION = 1;
				DEVELOPMENT_TEAM = TZCAB9NXXT;
				GENERATE_INFOPLIST_FILE = YES;
				MARKETING_VERSION = 1.0;
				PRODUCT_BUNDLE_IDENTIFIER = "Anmol.Tab-Bar-Navigation-PracticeUITests";
				PRODUCT_NAME = "$(TARGET_NAME)";
				SWIFT_EMIT_LOC_STRINGS = NO;
				SWIFT_VERSION = 5.0;
				TARGETED_DEVICE_FAMILY = "1,2";
				TEST_TARGET_NAME = Tab_Bar_Navigation_Practice;
			};
			name = Debug;
		};
		14AEBE932E2DFD1100126072 /* Release */ = {
			isa = XCBuildConfiguration;
			buildSettings = {
				CODE_SIGN_STYLE = Automatic;
				CURRENT_PROJECT_VERSION = 1;
				DEVELOPMENT_TEAM = TZCAB9NXXT;
				GENERATE_INFOPLIST_FILE = YES;
				MARKETING_VERSION = 1.0;
				PRODUCT_BUNDLE_IDENTIFIER = "Anmol.Tab-Bar-Navigation-PracticeUITests";
				PRODUCT_NAME = "$(TARGET_NAME)";
				SWIFT_EMIT_LOC_STRINGS = NO;
				SWIFT_VERSION = 5.0;
				TARGETED_DEVICE_FAMILY = "1,2";
				TEST_TARGET_NAME = Tab_Bar_Navigation_Practice;
			};
			name = Release;
		};
/* End XCBuildConfiguration section */

/* Begin XCConfigurationList section */
		14AEBE5B2E2DFD1000126072 /* Build configuration list for PBXProject "Tab_Bar_Navigation_Practice" */ = {
			isa = XCConfigurationList;
			buildConfigurations = (
				14AEBE8C2E2DFD1100126072 /* Debug */,
				14AEBE8D2E2DFD1100126072 /* Release */,
			);
			defaultConfigurationIsVisible = 0;
			defaultConfigurationName = Release;
		};
		14AEBE892E2DFD1100126072 /* Build configuration list for PBXNativeTarget "Tab_Bar_Navigation_Practice" */ = {
			isa = XCConfigurationList;
			buildConfigurations = (
				14AEBE8A2E2DFD1100126072 /* Debug */,
				14AEBE8B2E2DFD1100126072 /* Release */,
			);
			defaultConfigurationIsVisible = 0;
			defaultConfigurationName = Release;
		};
		14AEBE8E2E2DFD1100126072 /* Build configuration list for PBXNativeTarget "Tab_Bar_Navigation_PracticeTests" */ = {
			isa = XCConfigurationList;
			buildConfigurations = (
				14AEBE8F2E2DFD1100126072 /* Debug */,
				14AEBE902E2DFD1100126072 /* Release */,
			);
			defaultConfigurationIsVisible = 0;
			defaultConfigurationName = Release;
		};
		14AEBE912E2DFD1100126072 /* Build configuration list for PBXNativeTarget "Tab_Bar_Navigation_PracticeUITests" */ = {
			isa = XCConfigurationList;
			buildConfigurations = (
				14AEBE922E2DFD1100126072 /* Debug */,
				14AEBE932E2DFD1100126072 /* Release */,
			);
			defaultConfigurationIsVisible = 0;
			defaultConfigurationName = Release;
		};
/* End XCConfigurationList section */
	};
	rootObject = 14AEBE582E2DFD1000126072 /* Project object */;
}
