// !$*UTF8*$!
{
	archiveVersion = 1;
	classes = {
	};
	objectVersion = 77;
	objects = {

/* Begin PBXContainerItemProxy section */
		140A70E32E2F53B0004D7A58 /* PBXContainerItemProxy */ = {
			isa = PBXContainerItemProxy;
			containerPortal = 140A70C42E2F53AF004D7A58 /* Project object */;
			proxyType = 1;
			remoteGlobalIDString = 140A70CB2E2F53AF004D7A58;
			remoteInfo = "View_Controller_Life Cycle";
		};
		140A70ED2E2F53B0004D7A58 /* PBXContainerItemProxy */ = {
			isa = PBXContainerItemProxy;
			containerPortal = 140A70C42E2F53AF004D7A58 /* Project object */;
			proxyType = 1;
			remoteGlobalIDString = 140A70CB2E2F53AF004D7A58;
			remoteInfo = "View_Controller_Life Cycle";
		};
/* End PBXContainerItemProxy section */

/* Begin PBXFileReference section */
		140A70CC2E2F53AF004D7A58 /* View_Controller_Life Cycle.app */ = {isa = PBXFileReference; explicitFileType = wrapper.application; includeInIndex = 0; path = "View_Controller_Life Cycle.app"; sourceTree = BUILT_PRODUCTS_DIR; };
		140A70E22E2F53B0004D7A58 /* View_Controller_Life CycleTests.xctest */ = {isa = PBXFileReference; explicitFileType = wrapper.cfbundle; includeInIndex = 0; path = "View_Controller_Life CycleTests.xctest"; sourceTree = BUILT_PRODUCTS_DIR; };
		140A70EC2E2F53B0004D7A58 /* View_Controller_Life CycleUITests.xctest */ = {isa = PBXFileReference; explicitFileType = wrapper.cfbundle; includeInIndex = 0; path = "View_Controller_Life CycleUITests.xctest"; sourceTree = BUILT_PRODUCTS_DIR; };
/* End PBXFileReference section */

/* Begin PBXFileSystemSynchronizedBuildFileExceptionSet section */
		140A70F42E2F53B0004D7A58 /* Exceptions for "View_Controller_Life Cycle" folder in "View_Controller_Life Cycle" target */ = {
			isa = PBXFileSystemSynchronizedBuildFileExceptionSet;
			membershipExceptions = (
				Info.plist,
			);
			target = 140A70CB2E2F53AF004D7A58 /* View_Controller_Life Cycle */;
		};
/* End PBXFileSystemSynchronizedBuildFileExceptionSet section */

/* Begin PBXFileSystemSynchronizedRootGroup section */
		140A70CE2E2F53AF004D7A58 /* View_Controller_Life Cycle */ = {
			isa = PBXFileSystemSynchronizedRootGroup;
			exceptions = (
				140A70F42E2F53B0004D7A58 /* Exceptions for "View_Controller_Life Cycle" folder in "View_Controller_Life Cycle" target */,
			);
			path = "View_Controller_Life Cycle";
			sourceTree = "<group>";
		};
		140A70E52E2F53B0004D7A58 /* View_Controller_Life CycleTests */ = {
			isa = PBXFileSystemSynchronizedRootGroup;
			path = "View_Controller_Life CycleTests";
			sourceTree = "<group>";
		};
		140A70EF2E2F53B0004D7A58 /* View_Controller_Life CycleUITests */ = {
			isa = PBXFileSystemSynchronizedRootGroup;
			path = "View_Controller_Life CycleUITests";
			sourceTree = "<group>";
		};
/* End PBXFileSystemSynchronizedRootGroup section */

/* Begin PBXFrameworksBuildPhase section */
		140A70C92E2F53AF004D7A58 /* Frameworks */ = {
			isa = PBXFrameworksBuildPhase;
			buildActionMask = 2147483647;
			files = (
			);
			runOnlyForDeploymentPostprocessing = 0;
		};
		140A70DF2E2F53B0004D7A58 /* Frameworks */ = {
			isa = PBXFrameworksBuildPhase;
			buildActionMask = 2147483647;
			files = (
			);
			runOnlyForDeploymentPostprocessing = 0;
		};
		140A70E92E2F53B0004D7A58 /* Frameworks */ = {
			isa = PBXFrameworksBuildPhase;
			buildActionMask = 2147483647;
			files = (
			);
			runOnlyForDeploymentPostprocessing = 0;
		};
/* End PBXFrameworksBuildPhase section */

/* Begin PBXGroup section */
		140A70C32E2F53AF004D7A58 = {
			isa = PBXGroup;
			children = (
				140A70CE2E2F53AF004D7A58 /* View_Controller_Life Cycle */,
				140A70E52E2F53B0004D7A58 /* View_Controller_Life CycleTests */,
				140A70EF2E2F53B0004D7A58 /* View_Controller_Life CycleUITests */,
				140A70CD2E2F53AF004D7A58 /* Products */,
			);
			sourceTree = "<group>";
		};
		140A70CD2E2F53AF004D7A58 /* Products */ = {
			isa = PBXGroup;
			children = (
				140A70CC2E2F53AF004D7A58 /* View_Controller_Life Cycle.app */,
				140A70E22E2F53B0004D7A58 /* View_Controller_Life CycleTests.xctest */,
				140A70EC2E2F53B0004D7A58 /* View_Controller_Life CycleUITests.xctest */,
			);
			name = Products;
			sourceTree = "<group>";
		};
/* End PBXGroup section */

/* Begin PBXNativeTarget section */
		140A70CB2E2F53AF004D7A58 /* View_Controller_Life Cycle */ = {
			isa = PBXNativeTarget;
			buildConfigurationList = 140A70F52E2F53B0004D7A58 /* Build configuration list for PBXNativeTarget "View_Controller_Life Cycle" */;
			buildPhases = (
				140A70C82E2F53AF004D7A58 /* Sources */,
				140A70C92E2F53AF004D7A58 /* Frameworks */,
				140A70CA2E2F53AF004D7A58 /* Resources */,
			);
			buildRules = (
			);
			dependencies = (
			);
			fileSystemSynchronizedGroups = (
				140A70CE2E2F53AF004D7A58 /* View_Controller_Life Cycle */,
			);
			name = "View_Controller_Life Cycle";
			packageProductDependencies = (
			);
			productName = "View_Controller_Life Cycle";
			productReference = 140A70CC2E2F53AF004D7A58 /* View_Controller_Life Cycle.app */;
			productType = "com.apple.product-type.application";
		};
		140A70E12E2F53B0004D7A58 /* View_Controller_Life CycleTests */ = {
			isa = PBXNativeTarget;
			buildConfigurationList = 140A70FA2E2F53B0004D7A58 /* Build configuration list for PBXNativeTarget "View_Controller_Life CycleTests" */;
			buildPhases = (
				140A70DE2E2F53B0004D7A58 /* Sources */,
				140A70DF2E2F53B0004D7A58 /* Frameworks */,
				140A70E02E2F53B0004D7A58 /* Resources */,
			);
			buildRules = (
			);
			dependencies = (
				140A70E42E2F53B0004D7A58 /* PBXTargetDependency */,
			);
			fileSystemSynchronizedGroups = (
				140A70E52E2F53B0004D7A58 /* View_Controller_Life CycleTests */,
			);
			name = "View_Controller_Life CycleTests";
			packageProductDependencies = (
			);
			productName = "View_Controller_Life CycleTests";
			productReference = 140A70E22E2F53B0004D7A58 /* View_Controller_Life CycleTests.xctest */;
			productType = "com.apple.product-type.bundle.unit-test";
		};
		140A70EB2E2F53B0004D7A58 /* View_Controller_Life CycleUITests */ = {
			isa = PBXNativeTarget;
			buildConfigurationList = 140A70FD2E2F53B0004D7A58 /* Build configuration list for PBXNativeTarget "View_Controller_Life CycleUITests" */;
			buildPhases = (
				140A70E82E2F53B0004D7A58 /* Sources */,
				140A70E92E2F53B0004D7A58 /* Frameworks */,
				140A70EA2E2F53B0004D7A58 /* Resources */,
			);
			buildRules = (
			);
			dependencies = (
				140A70EE2E2F53B0004D7A58 /* PBXTargetDependency */,
			);
			fileSystemSynchronizedGroups = (
				140A70EF2E2F53B0004D7A58 /* View_Controller_Life CycleUITests */,
			);
			name = "View_Controller_Life CycleUITests";
			packageProductDependencies = (
			);
			productName = "View_Controller_Life CycleUITests";
			productReference = 140A70EC2E2F53B0004D7A58 /* View_Controller_Life CycleUITests.xctest */;
			productType = "com.apple.product-type.bundle.ui-testing";
		};
/* End PBXNativeTarget section */

/* Begin PBXProject section */
		140A70C42E2F53AF004D7A58 /* Project object */ = {
			isa = PBXProject;
			attributes = {
				BuildIndependentTargetsInParallel = 1;
				LastSwiftUpdateCheck = 1640;
				LastUpgradeCheck = 1640;
				TargetAttributes = {
					140A70CB2E2F53AF004D7A58 = {
						CreatedOnToolsVersion = 16.4;
					};
					140A70E12E2F53B0004D7A58 = {
						CreatedOnToolsVersion = 16.4;
						TestTargetID = 140A70CB2E2F53AF004D7A58;
					};
					140A70EB2E2F53B0004D7A58 = {
						CreatedOnToolsVersion = 16.4;
						TestTargetID = 140A70CB2E2F53AF004D7A58;
					};
				};
			};
			buildConfigurationList = 140A70C72E2F53AF004D7A58 /* Build configuration list for PBXProject "View_Controller_Life Cycle" */;
			developmentRegion = en;
			hasScannedForEncodings = 0;
			knownRegions = (
				en,
				Base,
			);
			mainGroup = 140A70C32E2F53AF004D7A58;
			minimizedProjectReferenceProxies = 1;
			preferredProjectObjectVersion = 77;
			productRefGroup = 140A70CD2E2F53AF004D7A58 /* Products */;
			projectDirPath = "";
			projectRoot = "";
			targets = (
				140A70CB2E2F53AF004D7A58 /* View_Controller_Life Cycle */,
				140A70E12E2F53B0004D7A58 /* View_Controller_Life CycleTests */,
				140A70EB2E2F53B0004D7A58 /* View_Controller_Life CycleUITests */,
			);
		};
/* End PBXProject section */

/* Begin PBXResourcesBuildPhase section */
		140A70CA2E2F53AF004D7A58 /* Resources */ = {
			isa = PBXResourcesBuildPhase;
			buildActionMask = 2147483647;
			files = (
			);
			runOnlyForDeploymentPostprocessing = 0;
		};
		140A70E02E2F53B0004D7A58 /* Resources */ = {
			isa = PBXResourcesBuildPhase;
			buildActionMask = 2147483647;
			files = (
			);
			runOnlyForDeploymentPostprocessing = 0;
		};
		140A70EA2E2F53B0004D7A58 /* Resources */ = {
			isa = PBXResourcesBuildPhase;
			buildActionMask = 2147483647;
			files = (
			);
			runOnlyForDeploymentPostprocessing = 0;
		};
/* End PBXResourcesBuildPhase section */

/* Begin PBXSourcesBuildPhase section */
		140A70C82E2F53AF004D7A58 /* Sources */ = {
			isa = PBXSourcesBuildPhase;
			buildActionMask = 2147483647;
			files = (
			);
			runOnlyForDeploymentPostprocessing = 0;
		};
		140A70DE2E2F53B0004D7A58 /* Sources */ = {
			isa = PBXSourcesBuildPhase;
			buildActionMask = 2147483647;
			files = (
			);
			runOnlyForDeploymentPostprocessing = 0;
		};
		140A70E82E2F53B0004D7A58 /* Sources */ = {
			isa = PBXSourcesBuildPhase;
			buildActionMask = 2147483647;
			files = (
			);
			runOnlyForDeploymentPostprocessing = 0;
		};
/* End PBXSourcesBuildPhase section */

/* Begin PBXTargetDependency section */
		140A70E42E2F53B0004D7A58 /* PBXTargetDependency */ = {
			isa = PBXTargetDependency;
			target = 140A70CB2E2F53AF004D7A58 /* View_Controller_Life Cycle */;
			targetProxy = 140A70E32E2F53B0004D7A58 /* PBXContainerItemProxy */;
		};
		140A70EE2E2F53B0004D7A58 /* PBXTargetDependency */ = {
			isa = PBXTargetDependency;
			target = 140A70CB2E2F53AF004D7A58 /* View_Controller_Life Cycle */;
			targetProxy = 140A70ED2E2F53B0004D7A58 /* PBXContainerItemProxy */;
		};
/* End PBXTargetDependency section */

/* Begin XCBuildConfiguration section */
		140A70F62E2F53B0004D7A58 /* Debug */ = {
			isa = XCBuildConfiguration;
			buildSettings = {
				ASSETCATALOG_COMPILER_APPICON_NAME = AppIcon;
				ASSETCATALOG_COMPILER_GLOBAL_ACCENT_COLOR_NAME = AccentColor;
				CODE_SIGN_STYLE = Automatic;
				CURRENT_PROJECT_VERSION = 1;
				DEVELOPMENT_TEAM = TZCAB9NXXT;
				GENERATE_INFOPLIST_FILE = YES;
				INFOPLIST_FILE = "View_Controller_Life Cycle/Info.plist";
				INFOPLIST_KEY_UIApplicationSupportsIndirectInputEvents = YES;
				INFOPLIST_KEY_UILaunchStoryboardName = LaunchScreen;
				INFOPLIST_KEY_UIMainStoryboardFile = Main;
				INFOPLIST_KEY_UISupportedInterfaceOrientations_iPad = "UIInterfaceOrientationPortrait UIInterfaceOrientationPortraitUpsideDown UIInterfaceOrientationLandscapeLeft UIInterfaceOrientationLandscapeRight";
				INFOPLIST_KEY_UISupportedInterfaceOrientations_iPhone = "UIInterfaceOrientationPortrait UIInterfaceOrientationLandscapeLeft UIInterfaceOrientationLandscapeRight";
				LD_RUNPATH_SEARCH_PATHS = (
					"$(inherited)",
					"@executable_path/Frameworks",
				);
				MARKETING_VERSION = 1.0;
				PRODUCT_BUNDLE_IDENTIFIER = "Anmol.View-Controller-Life-Cycle";
				PRODUCT_NAME = "$(TARGET_NAME)";
				SWIFT_EMIT_LOC_STRINGS = YES;
				SWIFT_VERSION = 5.0;
				TARGETED_DEVICE_FAMILY = "1,2";
			};
			name = Debug;
		};
		140A70F72E2F53B0004D7A58 /* Release */ = {
			isa = XCBuildConfiguration;
			buildSettings = {
				ASSETCATALOG_COMPILER_APPICON_NAME = AppIcon;
				ASSETCATALOG_COMPILER_GLOBAL_ACCENT_COLOR_NAME = AccentColor;
				CODE_SIGN_STYLE = Automatic;
				CURRENT_PROJECT_VERSION = 1;
				DEVELOPMENT_TEAM = TZCAB9NXXT;
				GENERATE_INFOPLIST_FILE = YES;
				INFOPLIST_FILE = "View_Controller_Life Cycle/Info.plist";
				INFOPLIST_KEY_UIApplicationSupportsIndirectInputEvents = YES;
				INFOPLIST_KEY_UILaunchStoryboardName = LaunchScreen;
				INFOPLIST_KEY_UIMainStoryboardFile = Main;
				INFOPLIST_KEY_UISupportedInterfaceOrientations_iPad = "UIInterfaceOrientationPortrait UIInterfaceOrientationPortraitUpsideDown UIInterfaceOrientationLandscapeLeft UIInterfaceOrientationLandscapeRight";
				INFOPLIST_KEY_UISupportedInterfaceOrientations_iPhone = "UIInterfaceOrientationPortrait UIInterfaceOrientationLandscapeLeft UIInterfaceOrientationLandscapeRight";
				LD_RUNPATH_SEARCH_PATHS = (
					"$(inherited)",
					"@executable_path/Frameworks",
				);
				MARKETING_VERSION = 1.0;
				PRODUCT_BUNDLE_IDENTIFIER = "Anmol.View-Controller-Life-Cycle";
				PRODUCT_NAME = "$(TARGET_NAME)";
				SWIFT_EMIT_LOC_STRINGS = YES;
				SWIFT_VERSION = 5.0;
				TARGETED_DEVICE_FAMILY = "1,2";
			};
			name = Release;
		};
		140A70F82E2F53B0004D7A58 /* Debug */ = {
			isa = XCBuildConfiguration;
			buildSettings = {
				ALWAYS_SEARCH_USER_PATHS = NO;
				ASSETCATALOG_COMPILER_GENERATE_SWIFT_ASSET_SYMBOL_EXTENSIONS = YES;
				CLANG_ANALYZER_NONNULL = YES;
				CLANG_ANALYZER_NUMBER_OBJECT_CONVERSION = YES_AGGRESSIVE;
				CLANG_CXX_LANGUAGE_STANDARD = "gnu++20";
				CLANG_ENABLE_MODULES = YES;
				CLANG_ENABLE_OBJC_ARC = YES;
				CLANG_ENABLE_OBJC_WEAK = YES;
				CLANG_WARN_BLOCK_CAPTURE_AUTORELEASING = YES;
				CLANG_WARN_BOOL_CONVERSION = YES;
				CLANG_WARN_COMMA = YES;
				CLANG_WARN_CONSTANT_CONVERSION = YES;
				CLANG_WARN_DEPRECATED_OBJC_IMPLEMENTATIONS = YES;
				CLANG_WARN_DIRECT_OBJC_ISA_USAGE = YES_ERROR;
				CLANG_WARN_DOCUMENTATION_COMMENTS = YES;
				CLANG_WARN_EMPTY_BODY = YES;
				CLANG_WARN_ENUM_CONVERSION = YES;
				CLANG_WARN_INFINITE_RECURSION = YES;
				CLANG_WARN_INT_CONVERSION = YES;
				CLANG_WARN_NON_LITERAL_NULL_CONVERSION = YES;
				CLANG_WARN_OBJC_IMPLICIT_RETAIN_SELF = YES;
				CLANG_WARN_OBJC_LITERAL_CONVERSION = YES;
				CLANG_WARN_OBJC_ROOT_CLASS = YES_ERROR;
				CLANG_WARN_QUOTED_INCLUDE_IN_FRAMEWORK_HEADER = YES;
				CLANG_WARN_RANGE_LOOP_ANALYSIS = YES;
				CLANG_WARN_STRICT_PROTOTYPES = YES;
				CLANG_WARN_SUSPICIOUS_MOVE = YES;
				CLANG_WARN_UNGUARDED_AVAILABILITY = YES_AGGRESSIVE;
				CLANG_WARN_UNREACHABLE_CODE = YES;
				CLANG_WARN__DUPLICATE_METHOD_MATCH = YES;
				COPY_PHASE_STRIP = NO;
				DEBUG_INFORMATION_FORMAT = dwarf;
				DEVELOPMENT_TEAM = TZCAB9NXXT;
				ENABLE_STRICT_OBJC_MSGSEND = YES;
				ENABLE_TESTABILITY = YES;
				ENABLE_USER_SCRIPT_SANDBOXING = YES;
				GCC_C_LANGUAGE_STANDARD = gnu17;
				GCC_DYNAMIC_NO_PIC = NO;
				GCC_NO_COMMON_BLOCKS = YES;
				GCC_OPTIMIZATION_LEVEL = 0;
				GCC_PREPROCESSOR_DEFINITIONS = (
					"DEBUG=1",
					"$(inherited)",
				);
				GCC_WARN_64_TO_32_BIT_CONVERSION = YES;
				GCC_WARN_ABOUT_RETURN_TYPE = YES_ERROR;
				GCC_WARN_UNDECLARED_SELECTOR = YES;
				GCC_WARN_UNINITIALIZED_AUTOS = YES_AGGRESSIVE;
				GCC_WARN_UNUSED_FUNCTION = YES;
				GCC_WARN_UNUSED_VARIABLE = YES;
				IPHONEOS_DEPLOYMENT_TARGET = 18.5;
				LOCALIZATION_PREFERS_STRING_CATALOGS = YES;
				MTL_ENABLE_DEBUG_INFO = INCLUDE_SOURCE;
				MTL_FAST_MATH = YES;
				ONLY_ACTIVE_ARCH = YES;
				SDKROOT = iphoneos;
				SWIFT_ACTIVE_COMPILATION_CONDITIONS = "DEBUG $(inherited)";
				SWIFT_OPTIMIZATION_LEVEL = "-Onone";
			};
			name = Debug;
		};
		140A70F92E2F53B0004D7A58 /* Release */ = {
			isa = XCBuildConfiguration;
			buildSettings = {
				ALWAYS_SEARCH_USER_PATHS = NO;
				ASSETCATALOG_COMPILER_GENERATE_SWIFT_ASSET_SYMBOL_EXTENSIONS = YES;
				CLANG_ANALYZER_NONNULL = YES;
				CLANG_ANALYZER_NUMBER_OBJECT_CONVERSION = YES_AGGRESSIVE;
				CLANG_CXX_LANGUAGE_STANDARD = "gnu++20";
				CLANG_ENABLE_MODULES = YES;
				CLANG_ENABLE_OBJC_ARC = YES;
				CLANG_ENABLE_OBJC_WEAK = YES;
				CLANG_WARN_BLOCK_CAPTURE_AUTORELEASING = YES;
				CLANG_WARN_BOOL_CONVERSION = YES;
				CLANG_WARN_COMMA = YES;
				CLANG_WARN_CONSTANT_CONVERSION = YES;
				CLANG_WARN_DEPRECATED_OBJC_IMPLEMENTATIONS = YES;
				CLANG_WARN_DIRECT_OBJC_ISA_USAGE = YES_ERROR;
				CLANG_WARN_DOCUMENTATION_COMMENTS = YES;
				CLANG_WARN_EMPTY_BODY = YES;
				CLANG_WARN_ENUM_CONVERSION = YES;
				CLANG_WARN_INFINITE_RECURSION = YES;
				CLANG_WARN_INT_CONVERSION = YES;
				CLANG_WARN_NON_LITERAL_NULL_CONVERSION = YES;
				CLANG_WARN_OBJC_IMPLICIT_RETAIN_SELF = YES;
				CLANG_WARN_OBJC_LITERAL_CONVERSION = YES;
				CLANG_WARN_OBJC_ROOT_CLASS = YES_ERROR;
				CLANG_WARN_QUOTED_INCLUDE_IN_FRAMEWORK_HEADER = YES;
				CLANG_WARN_RANGE_LOOP_ANALYSIS = YES;
				CLANG_WARN_STRICT_PROTOTYPES = YES;
				CLANG_WARN_SUSPICIOUS_MOVE = YES;
				CLANG_WARN_UNGUARDED_AVAILABILITY = YES_AGGRESSIVE;
				CLANG_WARN_UNREACHABLE_CODE = YES;
				CLANG_WARN__DUPLICATE_METHOD_MATCH = YES;
				COPY_PHASE_STRIP = NO;
				DEBUG_INFORMATION_FORMAT = "dwarf-with-dsym";
				DEVELOPMENT_TEAM = TZCAB9NXXT;
				ENABLE_NS_ASSERTIONS = NO;
				ENABLE_STRICT_OBJC_MSGSEND = YES;
				ENABLE_USER_SCRIPT_SANDBOXING = YES;
				GCC_C_LANGUAGE_STANDARD = gnu17;
				GCC_NO_COMMON_BLOCKS = YES;
				GCC_WARN_64_TO_32_BIT_CONVERSION = YES;
				GCC_WARN_ABOUT_RETURN_TYPE = YES_ERROR;
				GCC_WARN_UNDECLARED_SELECTOR = YES;
				GCC_WARN_UNINITIALIZED_AUTOS = YES_AGGRESSIVE;
				GCC_WARN_UNUSED_FUNCTION = YES;
				GCC_WARN_UNUSED_VARIABLE = YES;
				IPHONEOS_DEPLOYMENT_TARGET = 18.5;
				LOCALIZATION_PREFERS_STRING_CATALOGS = YES;
				MTL_ENABLE_DEBUG_INFO = NO;
				MTL_FAST_MATH = YES;
				SDKROOT = iphoneos;
				SWIFT_COMPILATION_MODE = wholemodule;
				VALIDATE_PRODUCT = YES;
			};
			name = Release;
		};
		140A70FB2E2F53B0004D7A58 /* Debug */ = {
			isa = XCBuildConfiguration;
			buildSettings = {
				BUNDLE_LOADER = "$(TEST_HOST)";
				CODE_SIGN_STYLE = Automatic;
				CURRENT_PROJECT_VERSION = 1;
				DEVELOPMENT_TEAM = TZCAB9NXXT;
				GENERATE_INFOPLIST_FILE = YES;
				IPHONEOS_DEPLOYMENT_TARGET = 18.5;
				MARKETING_VERSION = 1.0;
				PRODUCT_BUNDLE_IDENTIFIER = "Anmol.View-Controller-Life-CycleTests";
				PRODUCT_NAME = "$(TARGET_NAME)";
				SWIFT_EMIT_LOC_STRINGS = NO;
				SWIFT_VERSION = 5.0;
				TARGETED_DEVICE_FAMILY = "1,2";
				TEST_HOST = "$(BUILT_PRODUCTS_DIR)/View_Controller_Life Cycle.app/$(BUNDLE_EXECUTABLE_FOLDER_PATH)/View_Controller_Life Cycle";
			};
			name = Debug;
		};
		140A70FC2E2F53B0004D7A58 /* Release */ = {
			isa = XCBuildConfiguration;
			buildSettings = {
				BUNDLE_LOADER = "$(TEST_HOST)";
				CODE_SIGN_STYLE = Automatic;
				CURRENT_PROJECT_VERSION = 1;
				DEVELOPMENT_TEAM = TZCAB9NXXT;
				GENERATE_INFOPLIST_FILE = YES;
				IPHONEOS_DEPLOYMENT_TARGET = 18.5;
				MARKETING_VERSION = 1.0;
				PRODUCT_BUNDLE_IDENTIFIER = "Anmol.View-Controller-Life-CycleTests";
				PRODUCT_NAME = "$(TARGET_NAME)";
				SWIFT_EMIT_LOC_STRINGS = NO;
				SWIFT_VERSION = 5.0;
				TARGETED_DEVICE_FAMILY = "1,2";
				TEST_HOST = "$(BUILT_PRODUCTS_DIR)/View_Controller_Life Cycle.app/$(BUNDLE_EXECUTABLE_FOLDER_PATH)/View_Controller_Life Cycle";
			};
			name = Release;
		};
		140A70FE2E2F53B0004D7A58 /* Debug */ = {
			isa = XCBuildConfiguration;
			buildSettings = {
				CODE_SIGN_STYLE = Automatic;
				CURRENT_PROJECT_VERSION = 1;
				DEVELOPMENT_TEAM = TZCAB9NXXT;
				GENERATE_INFOPLIST_FILE = YES;
				MARKETING_VERSION = 1.0;
				PRODUCT_BUNDLE_IDENTIFIER = "Anmol.View-Controller-Life-CycleUITests";
				PRODUCT_NAME = "$(TARGET_NAME)";
				SWIFT_EMIT_LOC_STRINGS = NO;
				SWIFT_VERSION = 5.0;
				TARGETED_DEVICE_FAMILY = "1,2";
				TEST_TARGET_NAME = "View_Controller_Life Cycle";
			};
			name = Debug;
		};
		140A70FF2E2F53B0004D7A58 /* Release */ = {
			isa = XCBuildConfiguration;
			buildSettings = {
				CODE_SIGN_STYLE = Automatic;
				CURRENT_PROJECT_VERSION = 1;
				DEVELOPMENT_TEAM = TZCAB9NXXT;
				GENERATE_INFOPLIST_FILE = YES;
				MARKETING_VERSION = 1.0;
				PRODUCT_BUNDLE_IDENTIFIER = "Anmol.View-Controller-Life-CycleUITests";
				PRODUCT_NAME = "$(TARGET_NAME)";
				SWIFT_EMIT_LOC_STRINGS = NO;
				SWIFT_VERSION = 5.0;
				TARGETED_DEVICE_FAMILY = "1,2";
				TEST_TARGET_NAME = "View_Controller_Life Cycle";
			};
			name = Release;
		};
/* End XCBuildConfiguration section */

/* Begin XCConfigurationList section */
		140A70C72E2F53AF004D7A58 /* Build configuration list for PBXProject "View_Controller_Life Cycle" */ = {
			isa = XCConfigurationList;
			buildConfigurations = (
				140A70F82E2F53B0004D7A58 /* Debug */,
				140A70F92E2F53B0004D7A58 /* Release */,
			);
			defaultConfigurationIsVisible = 0;
			defaultConfigurationName = Release;
		};
		140A70F52E2F53B0004D7A58 /* Build configuration list for PBXNativeTarget "View_Controller_Life Cycle" */ = {
			isa = XCConfigurationList;
			buildConfigurations = (
				140A70F62E2F53B0004D7A58 /* Debug */,
				140A70F72E2F53B0004D7A58 /* Release */,
			);
			defaultConfigurationIsVisible = 0;
			defaultConfigurationName = Release;
		};
		140A70FA2E2F53B0004D7A58 /* Build configuration list for PBXNativeTarget "View_Controller_Life CycleTests" */ = {
			isa = XCConfigurationList;
			buildConfigurations = (
				140A70FB2E2F53B0004D7A58 /* Debug */,
				140A70FC2E2F53B0004D7A58 /* Release */,
			);
			defaultConfigurationIsVisible = 0;
			defaultConfigurationName = Release;
		};
		140A70FD2E2F53B0004D7A58 /* Build configuration list for PBXNativeTarget "View_Controller_Life CycleUITests" */ = {
			isa = XCConfigurationList;
			buildConfigurations = (
				140A70FE2E2F53B0004D7A58 /* Debug */,
				140A70FF2E2F53B0004D7A58 /* Release */,
			);
			defaultConfigurationIsVisible = 0;
			defaultConfigurationName = Release;
		};
/* End XCConfigurationList section */
	};
	rootObject = 140A70C42E2F53AF004D7A58 /* Project object */;
}
